// !$*UTF8*$!
{
	archiveVersion = 1;
	classes = {
	};
	objectVersion = 56;
	objects = {

/* Begin PBXBuildFile section */
		2E3FAF632DFCB30400BAAED8 /* Auth in Frameworks */ = {isa = PBXBuildFile; productRef = 2E3FAF622DFCB30400BAAED8 /* Auth */; };
		2E3FAF652DFCB30400BAAED8 /* Functions in Frameworks */ = {isa = PBXBuildFile; productRef = 2E3FAF642DFCB30400BAAED8 /* Functions */; };
		2E3FAF672DFCB30400BAAED8 /* PostgREST in Frameworks */ = {isa = PBXBuildFile; productRef = 2E3FAF662DFCB30400BAAED8 /* PostgREST */; };
		2E3FAF692DFCB30400BAAED8 /* Realtime in Frameworks */ = {isa = PBXBuildFile; productRef = 2E3FAF682DFCB30400BAAED8 /* Realtime */; };
		2E3FAF6B2DFCB30400BAAED8 /* Storage in Frameworks */ = {isa = PBXBuildFile; productRef = 2E3FAF6A2DFCB30400BAAED8 /* Storage */; };
		2E3FAF6E2DFCB43500BAAED8 /* Supabase in Frameworks */ = {isa = PBXBuildFile; productRef = 2E3FAF6D2DFCB43500BAAED8 /* Supabase */; };
		2E3FAF892DFCB83000BAAED8 /* Assets.xcassets in Resources */ = {isa = PBXBuildFile; fileRef = 2E3FAF7C2DFCB83000BAAED8 /* Assets.xcassets */; };
		2E3FAF992DFCB8E100BAAED8 /* Preview Assets.xcassets in Resources */ = {isa = PBXBuildFile; fileRef = 2E3FAF8E2DFCB8E000BAAED8 /* Preview Assets.xcassets */; };
		2E3FAFCD2DFCBCE000BAAED8 /* supabase_schema.sql in Resources */ = {isa = PBXBuildFile; fileRef = 2E3FAFB42DFCBCE000BAAED8 /* supabase_schema.sql */; };
		2E3FAFE12DFCBCE000BAAED8 /* Config.xcconfig in Resources */ = {isa = PBXBuildFile; fileRef = 2E3FAFCB2DFCBCE000BAAED8 /* Config.xcconfig */; };
		2E3FAFE22DFCBCE000BAAED8 /* Config.xcconfig.example in Resources */ = {isa = PBXBuildFile; fileRef = 2E3FAFCC2DFCBCE000BAAED8 /* Config.xcconfig.example */; };
		2E3FB41E2E02067A00BAAED8 /* MainTabView.swift in Sources */ = {isa = PBXBuildFile; fileRef = 2E3FB3F32E02067A00BAAED8 /* MainTabView.swift */; };
		2E3FB41F2E02067A00BAAED8 /* ErrorTypes.swift in Sources */ = {isa = PBXBuildFile; fileRef = 2E3FB3F42E02067A00BAAED8 /* ErrorTypes.swift */; };
		2E3FB4202E02067A00BAAED8 /* TimerManager.swift in Sources */ = {isa = PBXBuildFile; fileRef = 2E3FB3F52E02067A00BAAED8 /* TimerManager.swift */; };
		2E3FB4212E02067A00BAAED8 /* MealPlanAPIModels.swift in Sources */ = {isa = PBXBuildFile; fileRef = 2E3FB3F62E02067A00BAAED8 /* MealPlanAPIModels.swift */; };
		2E3FB4222E02067A00BAAED8 /* ClaudeAPIClient.swift in Sources */ = {isa = PBXBuildFile; fileRef = 2E3FB3F72E02067A00BAAED8 /* ClaudeAPIClient.swift */; };
		2E3FB4232E02067A00BAAED8 /* Logger.swift in Sources */ = {isa = PBXBuildFile; fileRef = 2E3FB3F82E02067A00BAAED8 /* Logger.swift */; };
		2E3FB4242E02067A00BAAED8 /* Assets.xcassets in Resources */ = {isa = PBXBuildFile; fileRef = 2E3FB3F92E02067A00BAAED8 /* Assets.xcassets */; };
		2E3FB4252E02067A00BAAED8 /* DateFormatters.swift in Sources */ = {isa = PBXBuildFile; fileRef = 2E3FB3FA2E02067A00BAAED8 /* DateFormatters.swift */; };
		2E3FB4262E02067A00BAAED8 /* Config.swift in Sources */ = {isa = PBXBuildFile; fileRef = 2E3FB3FB2E02067A00BAAED8 /* Config.swift */; };
		2E3FB4272E02067A00BAAED8 /* WorkoutDataManager.swift in Sources */ = {isa = PBXBuildFile; fileRef = 2E3FB3FC2E02067A00BAAED8 /* WorkoutDataManager.swift */; };
		2E3FB4282E02067A00BAAED8 /* Preview Assets.xcassets in Resources */ = {isa = PBXBuildFile; fileRef = 2E3FB3FE2E02067A00BAAED8 /* Preview Assets.xcassets */; };
		2E3FB4292E02067A00BAAED8 /* ExerciseDataManager.swift in Sources */ = {isa = PBXBuildFile; fileRef = 2E3FB3FF2E02067A00BAAED8 /* ExerciseDataManager.swift */; };
		2E3FB42A2E02067A00BAAED8 /* exercises.json in Resources */ = {isa = PBXBuildFile; fileRef = 2E3FB4002E02067A00BAAED8 /* exercises.json */; };
		2E3FB42B2E02067A00BAAED8 /* Models.swift in Sources */ = {isa = PBXBuildFile; fileRef = 2E3FB4012E02067A00BAAED8 /* Models.swift */; };
		2E3FB42C2E02067A00BAAED8 /* ExerciseModels.swift in Sources */ = {isa = PBXBuildFile; fileRef = 2E3FB4022E02067A00BAAED8 /* ExerciseModels.swift */; };
		2E3FB42D2E02067A00BAAED8 /* ShoppingListManager.swift in Sources */ = {isa = PBXBuildFile; fileRef = 2E3FB4032E02067A00BAAED8 /* ShoppingListManager.swift */; };
		2E3FB42E2E02067A00BAAED8 /* WorkoutModels.swift in Sources */ = {isa = PBXBuildFile; fileRef = 2E3FB4042E02067A00BAAED8 /* WorkoutModels.swift */; };
		2E3FB42F2E02067A00BAAED8 /* AuthManager.swift in Sources */ = {isa = PBXBuildFile; fileRef = 2E3FB4052E02067A00BAAED8 /* AuthManager.swift */; };
		2E3FB4302E02067A00BAAED8 /* werkowtApp.swift in Sources */ = {isa = PBXBuildFile; fileRef = 2E3FB4062E02067A00BAAED8 /* werkowtApp.swift */; };
		2E3FB4312E02067A00BAAED8 /* SupabaseManager.swift in Sources */ = {isa = PBXBuildFile; fileRef = 2E3FB4072E02067A00BAAED8 /* SupabaseManager.swift */; };
		2E3FB4322E02067A00BAAED8 /* GoalSettingsView.swift in Sources */ = {isa = PBXBuildFile; fileRef = 2E3FB4092E02067A00BAAED8 /* GoalSettingsView.swift */; };
		2E3FB4332E02067A00BAAED8 /* UnifiedActionWidget.swift in Sources */ = {isa = PBXBuildFile; fileRef = 2E3FB40A2E02067A00BAAED8 /* UnifiedActionWidget.swift */; };
		2E3FB4342E02067A00BAAED8 /* ShoppingDashboardView.swift in Sources */ = {isa = PBXBuildFile; fileRef = 2E3FB40B2E02067A00BAAED8 /* ShoppingDashboardView.swift */; };
		2E3FB4352E02067A00BAAED8 /* MacroPieChart.swift in Sources */ = {isa = PBXBuildFile; fileRef = 2E3FB40C2E02067A00BAAED8 /* MacroPieChart.swift */; };
		2E3FB4362E02067A00BAAED8 /* MealPlanDetailView.swift in Sources */ = {isa = PBXBuildFile; fileRef = 2E3FB40D2E02067A00BAAED8 /* MealPlanDetailView.swift */; };
		2E3FB4372E02067A00BAAED8 /* DateNavigationView.swift in Sources */ = {isa = PBXBuildFile; fileRef = 2E3FB40E2E02067A00BAAED8 /* DateNavigationView.swift */; };
		2E3FB4382E02067A00BAAED8 /* NutritionPlanningView.swift in Sources */ = {isa = PBXBuildFile; fileRef = 2E3FB40F2E02067A00BAAED8 /* NutritionPlanningView.swift */; };
		2E3FB4392E02067A00BAAED8 /* HomeView.swift in Sources */ = {isa = PBXBuildFile; fileRef = 2E3FB4102E02067A00BAAED8 /* HomeView.swift */; };
		2E3FB43A2E02067A00BAAED8 /* NutritionTabView.swift in Sources */ = {isa = PBXBuildFile; fileRef = 2E3FB4112E02067A00BAAED8 /* NutritionTabView.swift */; };
		2E3FB43B2E02067A00BAAED8 /* QuickClassLoggerView.swift in Sources */ = {isa = PBXBuildFile; fileRef = 2E3FB4122E02067A00BAAED8 /* QuickClassLoggerView.swift */; };
		2E3FB43C2E02067A00BAAED8 /* AuthView.swift in Sources */ = {isa = PBXBuildFile; fileRef = 2E3FB4132E02067A00BAAED8 /* AuthView.swift */; };
		2E3FB43D2E02067A00BAAED8 /* MealPlanListView.swift in Sources */ = {isa = PBXBuildFile; fileRef = 2E3FB4142E02067A00BAAED8 /* MealPlanListView.swift */; };
		2E3FB43E2E02067A00BAAED8 /* MealTrackingView.swift in Sources */ = {isa = PBXBuildFile; fileRef = 2E3FB4152E02067A00BAAED8 /* MealTrackingView.swift */; };
		2E3FB43F2E02067A00BAAED8 /* WeightTrackingView.swift in Sources */ = {isa = PBXBuildFile; fileRef = 2E3FB4162E02067A00BAAED8 /* WeightTrackingView.swift */; };
		2E3FB4402E02067A00BAAED8 /* MealPlanningView.swift in Sources */ = {isa = PBXBuildFile; fileRef = 2E3FB4172E02067A00BAAED8 /* MealPlanningView.swift */; };
		2E3FB4412E02067A00BAAED8 /* LiveWorkoutView.swift in Sources */ = {isa = PBXBuildFile; fileRef = 2E3FB4182E02067A00BAAED8 /* LiveWorkoutView.swift */; };
		2E3FB4422E02067A00BAAED8 /* WorkoutCreatorView.swift in Sources */ = {isa = PBXBuildFile; fileRef = 2E3FB4192E02067A00BAAED8 /* WorkoutCreatorView.swift */; };
		2E3FB4432E02067A00BAAED8 /* TodayNutritionView.swift in Sources */ = {isa = PBXBuildFile; fileRef = 2E3FB41A2E02067A00BAAED8 /* TodayNutritionView.swift */; };
		2E3FB4442E02067A00BAAED8 /* WorkoutProgressView.swift in Sources */ = {isa = PBXBuildFile; fileRef = 2E3FB41B2E02067A00BAAED8 /* WorkoutProgressView.swift */; };
		2E3FB4452E02067A00BAAED8 /* MacroModels.swift in Sources */ = {isa = PBXBuildFile; fileRef = 2E3FB41C2E02067A00BAAED8 /* MacroModels.swift */; };
		2E3FB4462E02067A00BAAED8 /* AppRootView.swift in Sources */ = {isa = PBXBuildFile; fileRef = 2E3FB41D2E02067A00BAAED8 /* AppRootView.swift */; };
/* End PBXBuildFile section */

/* Begin PBXFileReference section */
		2E3FAF7C2DFCB83000BAAED8 /* Assets.xcassets */ = {isa = PBXFileReference; lastKnownFileType = folder.assetcatalog; name = Assets.xcassets; path = werkowt/Assets.xcassets; sourceTree = "<group>"; };
		2E3FAF8E2DFCB8E000BAAED8 /* Preview Assets.xcassets */ = {isa = PBXFileReference; lastKnownFileType = folder.assetcatalog; path = "Preview Assets.xcassets"; sourceTree = "<group>"; };
		2E3FAFB32DFCBCCF00BAAED8 /* werkowt.app */ = {isa = PBXFileReference; explicitFileType = wrapper.application; includeInIndex = 0; path = werkowt.app; sourceTree = BUILT_PRODUCTS_DIR; };
		2E3FAFB42DFCBCE000BAAED8 /* supabase_schema.sql */ = {isa = PBXFileReference; fileEncoding = 4; lastKnownFileType = text; path = supabase_schema.sql; sourceTree = "<group>"; };
		2E3FAFCB2DFCBCE000BAAED8 /* Config.xcconfig */ = {isa = PBXFileReference; fileEncoding = 4; lastKnownFileType = text.xcconfig; path = Config.xcconfig; sourceTree = "<group>"; };
		2E3FAFCC2DFCBCE000BAAED8 /* Config.xcconfig.example */ = {isa = PBXFileReference; fileEncoding = 4; lastKnownFileType = text; path = Config.xcconfig.example; sourceTree = "<group>"; };
		2E3FB3F32E02067A00BAAED8 /* MainTabView.swift */ = {isa = PBXFileReference; fileEncoding = 4; lastKnownFileType = sourcecode.swift; path = MainTabView.swift; sourceTree = "<group>"; };
		2E3FB3F42E02067A00BAAED8 /* ErrorTypes.swift */ = {isa = PBXFileReference; fileEncoding = 4; lastKnownFileType = sourcecode.swift; path = ErrorTypes.swift; sourceTree = "<group>"; };
		2E3FB3F52E02067A00BAAED8 /* TimerManager.swift */ = {isa = PBXFileReference; fileEncoding = 4; lastKnownFileType = sourcecode.swift; path = TimerManager.swift; sourceTree = "<group>"; };
		2E3FB3F62E02067A00BAAED8 /* MealPlanAPIModels.swift */ = {isa = PBXFileReference; fileEncoding = 4; lastKnownFileType = sourcecode.swift; path = MealPlanAPIModels.swift; sourceTree = "<group>"; };
		2E3FB3F72E02067A00BAAED8 /* ClaudeAPIClient.swift */ = {isa = PBXFileReference; fileEncoding = 4; lastKnownFileType = sourcecode.swift; path = ClaudeAPIClient.swift; sourceTree = "<group>"; };
		2E3FB3F82E02067A00BAAED8 /* Logger.swift */ = {isa = PBXFileReference; fileEncoding = 4; lastKnownFileType = sourcecode.swift; path = Logger.swift; sourceTree = "<group>"; };
		2E3FB3F92E02067A00BAAED8 /* Assets.xcassets */ = {isa = PBXFileReference; lastKnownFileType = folder.assetcatalog; path = Assets.xcassets; sourceTree = "<group>"; };
		2E3FB3FA2E02067A00BAAED8 /* DateFormatters.swift */ = {isa = PBXFileReference; fileEncoding = 4; lastKnownFileType = sourcecode.swift; path = DateFormatters.swift; sourceTree = "<group>"; };
		2E3FB3FB2E02067A00BAAED8 /* Config.swift */ = {isa = PBXFileReference; fileEncoding = 4; lastKnownFileType = sourcecode.swift; path = Config.swift; sourceTree = "<group>"; };
		2E3FB3FC2E02067A00BAAED8 /* WorkoutDataManager.swift */ = {isa = PBXFileReference; fileEncoding = 4; lastKnownFileType = sourcecode.swift; path = WorkoutDataManager.swift; sourceTree = "<group>"; };
		2E3FB3FE2E02067A00BAAED8 /* Preview Assets.xcassets */ = {isa = PBXFileReference; lastKnownFileType = folder.assetcatalog; path = "Preview Assets.xcassets"; sourceTree = "<group>"; };
		2E3FB3FF2E02067A00BAAED8 /* ExerciseDataManager.swift */ = {isa = PBXFileReference; fileEncoding = 4; lastKnownFileType = sourcecode.swift; path = ExerciseDataManager.swift; sourceTree = "<group>"; };
		2E3FB4002E02067A00BAAED8 /* exercises.json */ = {isa = PBXFileReference; fileEncoding = 4; lastKnownFileType = text.json; path = exercises.json; sourceTree = "<group>"; };
		2E3FB4012E02067A00BAAED8 /* Models.swift */ = {isa = PBXFileReference; fileEncoding = 4; lastKnownFileType = sourcecode.swift; path = Models.swift; sourceTree = "<group>"; };
		2E3FB4022E02067A00BAAED8 /* ExerciseModels.swift */ = {isa = PBXFileReference; fileEncoding = 4; lastKnownFileType = sourcecode.swift; path = ExerciseModels.swift; sourceTree = "<group>"; };
		2E3FB4032E02067A00BAAED8 /* ShoppingListManager.swift */ = {isa = PBXFileReference; fileEncoding = 4; lastKnownFileType = sourcecode.swift; path = ShoppingListManager.swift; sourceTree = "<group>"; };
		2E3FB4042E02067A00BAAED8 /* WorkoutModels.swift */ = {isa = PBXFileReference; fileEncoding = 4; lastKnownFileType = sourcecode.swift; path = WorkoutModels.swift; sourceTree = "<group>"; };
		2E3FB4052E02067A00BAAED8 /* AuthManager.swift */ = {isa = PBXFileReference; fileEncoding = 4; lastKnownFileType = sourcecode.swift; path = AuthManager.swift; sourceTree = "<group>"; };
		2E3FB4062E02067A00BAAED8 /* werkowtApp.swift */ = {isa = PBXFileReference; fileEncoding = 4; lastKnownFileType = sourcecode.swift; path = werkowtApp.swift; sourceTree = "<group>"; };
		2E3FB4072E02067A00BAAED8 /* SupabaseManager.swift */ = {isa = PBXFileReference; fileEncoding = 4; lastKnownFileType = sourcecode.swift; path = SupabaseManager.swift; sourceTree = "<group>"; };
		2E3FB4092E02067A00BAAED8 /* GoalSettingsView.swift */ = {isa = PBXFileReference; fileEncoding = 4; lastKnownFileType = sourcecode.swift; path = GoalSettingsView.swift; sourceTree = "<group>"; };
		2E3FB40A2E02067A00BAAED8 /* UnifiedActionWidget.swift */ = {isa = PBXFileReference; fileEncoding = 4; lastKnownFileType = sourcecode.swift; path = UnifiedActionWidget.swift; sourceTree = "<group>"; };
		2E3FB40B2E02067A00BAAED8 /* ShoppingDashboardView.swift */ = {isa = PBXFileReference; fileEncoding = 4; lastKnownFileType = sourcecode.swift; path = ShoppingDashboardView.swift; sourceTree = "<group>"; };
		2E3FB40C2E02067A00BAAED8 /* MacroPieChart.swift */ = {isa = PBXFileReference; fileEncoding = 4; lastKnownFileType = sourcecode.swift; path = MacroPieChart.swift; sourceTree = "<group>"; };
		2E3FB40D2E02067A00BAAED8 /* MealPlanDetailView.swift */ = {isa = PBXFileReference; fileEncoding = 4; lastKnownFileType = sourcecode.swift; path = MealPlanDetailView.swift; sourceTree = "<group>"; };
		2E3FB40E2E02067A00BAAED8 /* DateNavigationView.swift */ = {isa = PBXFileReference; fileEncoding = 4; lastKnownFileType = sourcecode.swift; path = DateNavigationView.swift; sourceTree = "<group>"; };
		2E3FB40F2E02067A00BAAED8 /* NutritionPlanningView.swift */ = {isa = PBXFileReference; fileEncoding = 4; lastKnownFileType = sourcecode.swift; path = NutritionPlanningView.swift; sourceTree = "<group>"; };
		2E3FB4102E02067A00BAAED8 /* HomeView.swift */ = {isa = PBXFileReference; fileEncoding = 4; lastKnownFileType = sourcecode.swift; path = HomeView.swift; sourceTree = "<group>"; };
		2E3FB4112E02067A00BAAED8 /* NutritionTabView.swift */ = {isa = PBXFileReference; fileEncoding = 4; lastKnownFileType = sourcecode.swift; path = NutritionTabView.swift; sourceTree = "<group>"; };
		2E3FB4122E02067A00BAAED8 /* QuickClassLoggerView.swift */ = {isa = PBXFileReference; fileEncoding = 4; lastKnownFileType = sourcecode.swift; path = QuickClassLoggerView.swift; sourceTree = "<group>"; };
		2E3FB4132E02067A00BAAED8 /* AuthView.swift */ = {isa = PBXFileReference; fileEncoding = 4; lastKnownFileType = sourcecode.swift; path = AuthView.swift; sourceTree = "<group>"; };
		2E3FB4142E02067A00BAAED8 /* MealPlanListView.swift */ = {isa = PBXFileReference; fileEncoding = 4; lastKnownFileType = sourcecode.swift; path = MealPlanListView.swift; sourceTree = "<group>"; };
		2E3FB4152E02067A00BAAED8 /* MealTrackingView.swift */ = {isa = PBXFileReference; fileEncoding = 4; lastKnownFileType = sourcecode.swift; path = MealTrackingView.swift; sourceTree = "<group>"; };
		2E3FB4162E02067A00BAAED8 /* WeightTrackingView.swift */ = {isa = PBXFileReference; fileEncoding = 4; lastKnownFileType = sourcecode.swift; path = WeightTrackingView.swift; sourceTree = "<group>"; };
		2E3FB4172E02067A00BAAED8 /* MealPlanningView.swift */ = {isa = PBXFileReference; fileEncoding = 4; lastKnownFileType = sourcecode.swift; path = MealPlanningView.swift; sourceTree = "<group>"; };
		2E3FB4182E02067A00BAAED8 /* LiveWorkoutView.swift */ = {isa = PBXFileReference; fileEncoding = 4; lastKnownFileType = sourcecode.swift; path = LiveWorkoutView.swift; sourceTree = "<group>"; };
		2E3FB4192E02067A00BAAED8 /* WorkoutCreatorView.swift */ = {isa = PBXFileReference; fileEncoding = 4; lastKnownFileType = sourcecode.swift; path = WorkoutCreatorView.swift; sourceTree = "<group>"; };
		2E3FB41A2E02067A00BAAED8 /* TodayNutritionView.swift */ = {isa = PBXFileReference; fileEncoding = 4; lastKnownFileType = sourcecode.swift; path = TodayNutritionView.swift; sourceTree = "<group>"; };
		2E3FB41B2E02067A00BAAED8 /* WorkoutProgressView.swift */ = {isa = PBXFileReference; fileEncoding = 4; lastKnownFileType = sourcecode.swift; path = WorkoutProgressView.swift; sourceTree = "<group>"; };
		2E3FB41C2E02067A00BAAED8 /* MacroModels.swift */ = {isa = PBXFileReference; fileEncoding = 4; lastKnownFileType = sourcecode.swift; path = MacroModels.swift; sourceTree = "<group>"; };
		2E3FB41D2E02067A00BAAED8 /* AppRootView.swift */ = {isa = PBXFileReference; fileEncoding = 4; lastKnownFileType = sourcecode.swift; path = AppRootView.swift; sourceTree = "<group>"; };
/* End PBXFileReference section */

/* Begin PBXFrameworksBuildPhase section */
		2E731DB02DFCA0A00001CCED /* Frameworks */ = {
			isa = PBXFrameworksBuildPhase;
			buildActionMask = 2147483647;
			files = (
				2E3FAF672DFCB30400BAAED8 /* PostgREST in Frameworks */,
				2E3FAF652DFCB30400BAAED8 /* Functions in Frameworks */,
				2E3FAF6E2DFCB43500BAAED8 /* Supabase in Frameworks */,
				2E3FAF632DFCB30400BAAED8 /* Auth in Frameworks */,
				2E3FAF6B2DFCB30400BAAED8 /* Storage in Frameworks */,
				2E3FAF692DFCB30400BAAED8 /* Realtime in Frameworks */,
			);
			runOnlyForDeploymentPostprocessing = 0;
		};
/* End PBXFrameworksBuildPhase section */

/* Begin PBXGroup section */
		2E3FAF8D2DFCB8E000BAAED8 /* Preview Content */ = {
			isa = PBXGroup;
			children = (
				2E3FAF8E2DFCB8E000BAAED8 /* Preview Assets.xcassets */,
			);
			name = "Preview Content";
			path = "werkowt/Preview Content";
			sourceTree = "<group>";
		};
		2E3FB3F22E02067A00BAAED8 /* werkowt */ = {
			isa = PBXGroup;
			children = (
				2E3FB3F32E02067A00BAAED8 /* MainTabView.swift */,
				2E3FB3F42E02067A00BAAED8 /* ErrorTypes.swift */,
				2E3FB3F52E02067A00BAAED8 /* TimerManager.swift */,
				2E3FB3F62E02067A00BAAED8 /* MealPlanAPIModels.swift */,
				2E3FB3F72E02067A00BAAED8 /* ClaudeAPIClient.swift */,
				2E3FB3F82E02067A00BAAED8 /* Logger.swift */,
				2E3FB3F92E02067A00BAAED8 /* Assets.xcassets */,
				2E3FB3FA2E02067A00BAAED8 /* DateFormatters.swift */,
				2E3FB3FB2E02067A00BAAED8 /* Config.swift */,
				2E3FB3FC2E02067A00BAAED8 /* WorkoutDataManager.swift */,
				2E3FB3FD2E02067A00BAAED8 /* Preview Content */,
				2E3FB3FF2E02067A00BAAED8 /* ExerciseDataManager.swift */,
				2E3FB4002E02067A00BAAED8 /* exercises.json */,
				2E3FB4012E02067A00BAAED8 /* Models.swift */,
				2E3FB4022E02067A00BAAED8 /* ExerciseModels.swift */,
				2E3FB4032E02067A00BAAED8 /* ShoppingListManager.swift */,
				2E3FB4042E02067A00BAAED8 /* WorkoutModels.swift */,
				2E3FB4052E02067A00BAAED8 /* AuthManager.swift */,
				2E3FB4062E02067A00BAAED8 /* werkowtApp.swift */,
				2E3FB4072E02067A00BAAED8 /* SupabaseManager.swift */,
				2E3FB4082E02067A00BAAED8 /* Views */,
				2E3FB41C2E02067A00BAAED8 /* MacroModels.swift */,
				2E3FB41D2E02067A00BAAED8 /* AppRootView.swift */,
			);
			path = werkowt;
			sourceTree = "<group>";
		};
		2E3FB3FD2E02067A00BAAED8 /* Preview Content */ = {
			isa = PBXGroup;
			children = (
				2E3FB3FE2E02067A00BAAED8 /* Preview Assets.xcassets */,
			);
			path = "Preview Content";
			sourceTree = "<group>";
		};
		2E3FB4082E02067A00BAAED8 /* Views */ = {
			isa = PBXGroup;
			children = (
				2E3FB4092E02067A00BAAED8 /* GoalSettingsView.swift */,
				2E3FB40A2E02067A00BAAED8 /* UnifiedActionWidget.swift */,
				2E3FB40B2E02067A00BAAED8 /* ShoppingDashboardView.swift */,
				2E3FB40C2E02067A00BAAED8 /* MacroPieChart.swift */,
				2E3FB40D2E02067A00BAAED8 /* MealPlanDetailView.swift */,
				2E3FB40E2E02067A00BAAED8 /* DateNavigationView.swift */,
				2E3FB40F2E02067A00BAAED8 /* NutritionPlanningView.swift */,
				2E3FB4102E02067A00BAAED8 /* HomeView.swift */,
				2E3FB4112E02067A00BAAED8 /* NutritionTabView.swift */,
				2E3FB4122E02067A00BAAED8 /* QuickClassLoggerView.swift */,
				2E3FB4132E02067A00BAAED8 /* AuthView.swift */,
				2E3FB4142E02067A00BAAED8 /* MealPlanListView.swift */,
				2E3FB4152E02067A00BAAED8 /* MealTrackingView.swift */,
				2E3FB4162E02067A00BAAED8 /* WeightTrackingView.swift */,
				2E3FB4172E02067A00BAAED8 /* MealPlanningView.swift */,
				2E3FB4182E02067A00BAAED8 /* LiveWorkoutView.swift */,
				2E3FB4192E02067A00BAAED8 /* WorkoutCreatorView.swift */,
				2E3FB41A2E02067A00BAAED8 /* TodayNutritionView.swift */,
				2E3FB41B2E02067A00BAAED8 /* WorkoutProgressView.swift */,
			);
			path = Views;
			sourceTree = "<group>";
		};
		2E731DAA2DFCA0A00001CCED = {
			isa = PBXGroup;
			children = (
				2E3FB3F22E02067A00BAAED8 /* werkowt */,
				2E3FAFCB2DFCBCE000BAAED8 /* Config.xcconfig */,
				2E3FAFCC2DFCBCE000BAAED8 /* Config.xcconfig.example */,
				2E3FAFB42DFCBCE000BAAED8 /* supabase_schema.sql */,
				2E3FAF7C2DFCB83000BAAED8 /* Assets.xcassets */,
				2E3FAF8D2DFCB8E000BAAED8 /* Preview Content */,
				2E3FAFB32DFCBCCF00BAAED8 /* werkowt.app */,
			);
			sourceTree = "<group>";
		};
/* End PBXGroup section */

/* Begin PBXNativeTarget section */
		2E731DB22DFCA0A00001CCED /* werkowt */ = {
			isa = PBXNativeTarget;
			buildConfigurationList = 2E731DC12DFCA0A20001CCED /* Build configuration list for PBXNativeTarget "werkowt" */;
			buildPhases = (
				2E731DAF2DFCA0A00001CCED /* Sources */,
				2E731DB02DFCA0A00001CCED /* Frameworks */,
				2E731DB12DFCA0A00001CCED /* Resources */,
			);
			buildRules = (
			);
			dependencies = (
			);
			name = werkowt;
			packageProductDependencies = (
				2E3FAF622DFCB30400BAAED8 /* Auth */,
				2E3FAF642DFCB30400BAAED8 /* Functions */,
				2E3FAF662DFCB30400BAAED8 /* PostgREST */,
				2E3FAF682DFCB30400BAAED8 /* Realtime */,
				2E3FAF6A2DFCB30400BAAED8 /* Storage */,
				2E3FAF6D2DFCB43500BAAED8 /* Supabase */,
			);
			productName = werkowt;
			productReference = 2E3FAFB32DFCBCCF00BAAED8 /* werkowt.app */;
			productType = "com.apple.product-type.application";
		};
/* End PBXNativeTarget section */

/* Begin PBXProject section */
		2E731DAB2DFCA0A00001CCED /* Project object */ = {
			isa = PBXProject;
			attributes = {
				BuildIndependentTargetsInParallel = 1;
				LastSwiftUpdateCheck = 1510;
				LastUpgradeCheck = 1510;
				TargetAttributes = {
					2E731DB22DFCA0A00001CCED = {
						CreatedOnToolsVersion = 15.1;
					};
				};
			};
			buildConfigurationList = 2E731DAE2DFCA0A00001CCED /* Build configuration list for PBXProject "werkowt" */;
			compatibilityVersion = "Xcode 14.0";
			developmentRegion = en;
			hasScannedForEncodings = 0;
			knownRegions = (
				en,
				Base,
			);
			mainGroup = 2E731DAA2DFCA0A00001CCED;
			packageReferences = (
				2E3FAF612DFCB30400BAAED8 /* XCRemoteSwiftPackageReference "supabase-swift" */,
			);
			productRefGroup = 2E731DAA2DFCA0A00001CCED;
			projectDirPath = "";
			projectRoot = "";
			targets = (
				2E731DB22DFCA0A00001CCED /* werkowt */,
			);
		};
/* End PBXProject section */

/* Begin PBXResourcesBuildPhase section */
		2E731DB12DFCA0A00001CCED /* Resources */ = {
			isa = PBXResourcesBuildPhase;
			buildActionMask = 2147483647;
			files = (
				2E3FAF992DFCB8E100BAAED8 /* Preview Assets.xcassets in Resources */,
				2E3FB42A2E02067A00BAAED8 /* exercises.json in Resources */,
				2E3FAFCD2DFCBCE000BAAED8 /* supabase_schema.sql in Resources */,
				2E3FAF892DFCB83000BAAED8 /* Assets.xcassets in Resources */,
				2E3FB4282E02067A00BAAED8 /* Preview Assets.xcassets in Resources */,
				2E3FAFE12DFCBCE000BAAED8 /* Config.xcconfig in Resources */,
				2E3FB4242E02067A00BAAED8 /* Assets.xcassets in Resources */,
				2E3FAFE22DFCBCE000BAAED8 /* Config.xcconfig.example in Resources */,
			);
			runOnlyForDeploymentPostprocessing = 0;
		};
/* End PBXResourcesBuildPhase section */

/* Begin PBXSourcesBuildPhase section */
		2E731DAF2DFCA0A00001CCED /* Sources */ = {
			isa = PBXSourcesBuildPhase;
			buildActionMask = 2147483647;
			files = (
				2E3FB42B2E02067A00BAAED8 /* Models.swift in Sources */,
				2E3FB4222E02067A00BAAED8 /* ClaudeAPIClient.swift in Sources */,
				2E3FB4402E02067A00BAAED8 /* MealPlanningView.swift in Sources */,
				2E3FB4272E02067A00BAAED8 /* WorkoutDataManager.swift in Sources */,
				2E3FB43A2E02067A00BAAED8 /* NutritionTabView.swift in Sources */,
				2E3FB43B2E02067A00BAAED8 /* QuickClassLoggerView.swift in Sources */,
				2E3FB4392E02067A00BAAED8 /* HomeView.swift in Sources */,
				2E3FB4442E02067A00BAAED8 /* WorkoutProgressView.swift in Sources */,
				2E3FB4232E02067A00BAAED8 /* Logger.swift in Sources */,
				2E3FB4382E02067A00BAAED8 /* NutritionPlanningView.swift in Sources */,
				2E3FB4432E02067A00BAAED8 /* TodayNutritionView.swift in Sources */,
				2E3FB4352E02067A00BAAED8 /* MacroPieChart.swift in Sources */,
				2E3FB43D2E02067A00BAAED8 /* MealPlanListView.swift in Sources */,
				2E3FB4332E02067A00BAAED8 /* UnifiedActionWidget.swift in Sources */,
				2E3FB4372E02067A00BAAED8 /* DateNavigationView.swift in Sources */,
				2E3FB4422E02067A00BAAED8 /* WorkoutCreatorView.swift in Sources */,
				2E3FB4452E02067A00BAAED8 /* MacroModels.swift in Sources */,
				2E3FB42F2E02067A00BAAED8 /* AuthManager.swift in Sources */,
				2E3FB4462E02067A00BAAED8 /* AppRootView.swift in Sources */,
				2E3FB42D2E02067A00BAAED8 /* ShoppingListManager.swift in Sources */,
				2E3FB4202E02067A00BAAED8 /* TimerManager.swift in Sources */,
				2E3FB43C2E02067A00BAAED8 /* AuthView.swift in Sources */,
				2E3FB41F2E02067A00BAAED8 /* ErrorTypes.swift in Sources */,
				2E3FB4212E02067A00BAAED8 /* MealPlanAPIModels.swift in Sources */,
				2E3FB42C2E02067A00BAAED8 /* ExerciseModels.swift in Sources */,
				2E3FB43F2E02067A00BAAED8 /* WeightTrackingView.swift in Sources */,
				2E3FB4262E02067A00BAAED8 /* Config.swift in Sources */,
				2E3FB4412E02067A00BAAED8 /* LiveWorkoutView.swift in Sources */,
				2E3FB4312E02067A00BAAED8 /* SupabaseManager.swift in Sources */,
				2E3FB4292E02067A00BAAED8 /* ExerciseDataManager.swift in Sources */,
				2E3FB41E2E02067A00BAAED8 /* MainTabView.swift in Sources */,
				2E3FB4252E02067A00BAAED8 /* DateFormatters.swift in Sources */,
				2E3FB42E2E02067A00BAAED8 /* WorkoutModels.swift in Sources */,
				2E3FB4342E02067A00BAAED8 /* ShoppingDashboardView.swift in Sources */,
				2E3FB43E2E02067A00BAAED8 /* MealTrackingView.swift in Sources */,
				2E3FB4362E02067A00BAAED8 /* MealPlanDetailView.swift in Sources */,
				2E3FB4322E02067A00BAAED8 /* GoalSettingsView.swift in Sources */,
				2E3FB4302E02067A00BAAED8 /* werkowtApp.swift in Sources */,
			);
			runOnlyForDeploymentPostprocessing = 0;
		};
/* End PBXSourcesBuildPhase section */

/* Begin XCBuildConfiguration section */
		2E731DBF2DFCA0A20001CCED /* Debug */ = {
			isa = XCBuildConfiguration;
			buildSettings = {
				ALWAYS_SEARCH_USER_PATHS = NO;
				ASSETCATALOG_COMPILER_GENERATE_SWIFT_ASSET_SYMBOL_EXTENSIONS = YES;
				CLANG_ANALYZER_NONNULL = YES;
				CLANG_ANALYZER_NUMBER_OBJECT_CONVERSION = YES_AGGRESSIVE;
				CLANG_CXX_LANGUAGE_STANDARD = "gnu++20";
				CLANG_ENABLE_MODULES = YES;
				CLANG_ENABLE_OBJC_ARC = YES;
				CLANG_ENABLE_OBJC_WEAK = YES;
				CLANG_WARN_BLOCK_CAPTURE_AUTORELEASING = YES;
				CLANG_WARN_BOOL_CONVERSION = YES;
				CLANG_WARN_COMMA = YES;
				CLANG_WARN_CONSTANT_CONVERSION = YES;
				CLANG_WARN_DEPRECATED_OBJC_IMPLEMENTATIONS = YES;
				CLANG_WARN_DIRECT_OBJC_ISA_USAGE = YES_ERROR;
				CLANG_WARN_DOCUMENTATION_COMMENTS = YES;
				CLANG_WARN_EMPTY_BODY = YES;
				CLANG_WARN_ENUM_CONVERSION = YES;
				CLANG_WARN_INFINITE_RECURSION = YES;
				CLANG_WARN_INT_CONVERSION = YES;
				CLANG_WARN_NON_LITERAL_NULL_CONVERSION = YES;
				CLANG_WARN_OBJC_IMPLICIT_RETAIN_SELF = YES;
				CLANG_WARN_OBJC_LITERAL_CONVERSION = YES;
				CLANG_WARN_OBJC_ROOT_CLASS = YES_ERROR;
				CLANG_WARN_QUOTED_INCLUDE_IN_FRAMEWORK_HEADER = YES;
				CLANG_WARN_RANGE_LOOP_ANALYSIS = YES;
				CLANG_WARN_STRICT_PROTOTYPES = YES;
				CLANG_WARN_SUSPICIOUS_MOVE = YES;
				CLANG_WARN_UNGUARDED_AVAILABILITY = YES_AGGRESSIVE;
				CLANG_WARN_UNREACHABLE_CODE = YES;
				CLANG_WARN__DUPLICATE_METHOD_MATCH = YES;
				COPY_PHASE_STRIP = NO;
				DEBUG_INFORMATION_FORMAT = dwarf;
				ENABLE_STRICT_OBJC_MSGSEND = YES;
				ENABLE_TESTABILITY = YES;
				ENABLE_USER_SCRIPT_SANDBOXING = YES;
				GCC_C_LANGUAGE_STANDARD = gnu17;
				GCC_DYNAMIC_NO_PIC = NO;
				GCC_NO_COMMON_BLOCKS = YES;
				GCC_OPTIMIZATION_LEVEL = 0;
				GCC_PREPROCESSOR_DEFINITIONS = (
					"DEBUG=1",
					"$(inherited)",
				);
				GCC_WARN_64_TO_32_BIT_CONVERSION = YES;
				GCC_WARN_ABOUT_RETURN_TYPE = YES_ERROR;
				GCC_WARN_UNDECLARED_SELECTOR = YES;
				GCC_WARN_UNINITIALIZED_AUTOS = YES_AGGRESSIVE;
				GCC_WARN_UNUSED_FUNCTION = YES;
				GCC_WARN_UNUSED_VARIABLE = YES;
				IPHONEOS_DEPLOYMENT_TARGET = 17.2;
				LOCALIZATION_PREFERS_STRING_CATALOGS = YES;
				MTL_ENABLE_DEBUG_INFO = INCLUDE_SOURCE;
				MTL_FAST_MATH = YES;
				ONLY_ACTIVE_ARCH = YES;
				SDKROOT = iphoneos;
				SWIFT_ACTIVE_COMPILATION_CONDITIONS = "DEBUG $(inherited)";
				SWIFT_OPTIMIZATION_LEVEL = "-Onone";
			};
			name = Debug;
		};
		2E731DC02DFCA0A20001CCED /* Release */ = {
			isa = XCBuildConfiguration;
			buildSettings = {
				ALWAYS_SEARCH_USER_PATHS = NO;
				ASSETCATALOG_COMPILER_GENERATE_SWIFT_ASSET_SYMBOL_EXTENSIONS = YES;
				CLANG_ANALYZER_NONNULL = YES;
				CLANG_ANALYZER_NUMBER_OBJECT_CONVERSION = YES_AGGRESSIVE;
				CLANG_CXX_LANGUAGE_STANDARD = "gnu++20";
				CLANG_ENABLE_MODULES = YES;
				CLANG_ENABLE_OBJC_ARC = YES;
				CLANG_ENABLE_OBJC_WEAK = YES;
				CLANG_WARN_BLOCK_CAPTURE_AUTORELEASING = YES;
				CLANG_WARN_BOOL_CONVERSION = YES;
				CLANG_WARN_COMMA = YES;
				CLANG_WARN_CONSTANT_CONVERSION = YES;
				CLANG_WARN_DEPRECATED_OBJC_IMPLEMENTATIONS = YES;
				CLANG_WARN_DIRECT_OBJC_ISA_USAGE = YES_ERROR;
				CLANG_WARN_DOCUMENTATION_COMMENTS = YES;
				CLANG_WARN_EMPTY_BODY = YES;
				CLANG_WARN_ENUM_CONVERSION = YES;
				CLANG_WARN_INFINITE_RECURSION = YES;
				CLANG_WARN_INT_CONVERSION = YES;
				CLANG_WARN_NON_LITERAL_NULL_CONVERSION = YES;
				CLANG_WARN_OBJC_IMPLICIT_RETAIN_SELF = YES;
				CLANG_WARN_OBJC_LITERAL_CONVERSION = YES;
				CLANG_WARN_OBJC_ROOT_CLASS = YES_ERROR;
				CLANG_WARN_QUOTED_INCLUDE_IN_FRAMEWORK_HEADER = YES;
				CLANG_WARN_RANGE_LOOP_ANALYSIS = YES;
				CLANG_WARN_STRICT_PROTOTYPES = YES;
				CLANG_WARN_SUSPICIOUS_MOVE = YES;
				CLANG_WARN_UNGUARDED_AVAILABILITY = YES_AGGRESSIVE;
				CLANG_WARN_UNREACHABLE_CODE = YES;
				CLANG_WARN__DUPLICATE_METHOD_MATCH = YES;
				COPY_PHASE_STRIP = NO;
				DEBUG_INFORMATION_FORMAT = "dwarf-with-dsym";
				ENABLE_NS_ASSERTIONS = NO;
				ENABLE_STRICT_OBJC_MSGSEND = YES;
				ENABLE_USER_SCRIPT_SANDBOXING = YES;
				GCC_C_LANGUAGE_STANDARD = gnu17;
				GCC_NO_COMMON_BLOCKS = YES;
				GCC_WARN_64_TO_32_BIT_CONVERSION = YES;
				GCC_WARN_ABOUT_RETURN_TYPE = YES_ERROR;
				GCC_WARN_UNDECLARED_SELECTOR = YES;
				GCC_WARN_UNINITIALIZED_AUTOS = YES_AGGRESSIVE;
				GCC_WARN_UNUSED_FUNCTION = YES;
				GCC_WARN_UNUSED_VARIABLE = YES;
				IPHONEOS_DEPLOYMENT_TARGET = 17.2;
				LOCALIZATION_PREFERS_STRING_CATALOGS = YES;
				MTL_ENABLE_DEBUG_INFO = NO;
				MTL_FAST_MATH = YES;
				SDKROOT = iphoneos;
				SWIFT_COMPILATION_MODE = wholemodule;
				VALIDATE_PRODUCT = YES;
			};
			name = Release;
		};
		2E731DC22DFCA0A20001CCED /* Debug */ = {
			isa = XCBuildConfiguration;
			buildSettings = {
				ASSETCATALOG_COMPILER_APPICON_NAME = AppIcon;
				ASSETCATALOG_COMPILER_GLOBAL_ACCENT_COLOR_NAME = AccentColor;
				CODE_SIGN_STYLE = Automatic;
				CURRENT_PROJECT_VERSION = 1;
				DEVELOPMENT_ASSET_PATHS = "\"werkowt/Preview Content\"";
				DEVELOPMENT_TEAM = KDWTV22MZF;
				ENABLE_PREVIEWS = YES;
				GENERATE_INFOPLIST_FILE = YES;
				INFOPLIST_KEY_UIApplicationSceneManifest_Generation = YES;
				INFOPLIST_KEY_UIApplicationSupportsIndirectInputEvents = YES;
				INFOPLIST_KEY_UILaunchScreen_Generation = YES;
				INFOPLIST_KEY_UISupportedInterfaceOrientations_iPad = "UIInterfaceOrientationPortrait UIInterfaceOrientationPortraitUpsideDown UIInterfaceOrientationLandscapeLeft UIInterfaceOrientationLandscapeRight";
				INFOPLIST_KEY_UISupportedInterfaceOrientations_iPhone = "UIInterfaceOrientationPortrait UIInterfaceOrientationLandscapeLeft UIInterfaceOrientationLandscapeRight";
				LD_RUNPATH_SEARCH_PATHS = (
					"$(inherited)",
					"@executable_path/Frameworks",
				);
				MARKETING_VERSION = 1.0;
				PRODUCT_BUNDLE_IDENTIFIER = com.chrisdoyle.werkowt;
				PRODUCT_NAME = "$(TARGET_NAME)";
				SWIFT_EMIT_LOC_STRINGS = YES;
				SWIFT_VERSION = 5.0;
				TARGETED_DEVICE_FAMILY = "1,2";
			};
			name = Debug;
		};
		2E731DC32DFCA0A20001CCED /* Release */ = {
			isa = XCBuildConfiguration;
			buildSettings = {
				ASSETCATALOG_COMPILER_APPICON_NAME = AppIcon;
				ASSETCATALOG_COMPILER_GLOBAL_ACCENT_COLOR_NAME = AccentColor;
				CODE_SIGN_STYLE = Automatic;
				CURRENT_PROJECT_VERSION = 1;
				DEVELOPMENT_ASSET_PATHS = "\"werkowt/Preview Content\"";
				DEVELOPMENT_TEAM = KDWTV22MZF;
				ENABLE_PREVIEWS = YES;
				GENERATE_INFOPLIST_FILE = YES;
				INFOPLIST_KEY_UIApplicationSceneManifest_Generation = YES;
				INFOPLIST_KEY_UIApplicationSupportsIndirectInputEvents = YES;
				INFOPLIST_KEY_UILaunchScreen_Generation = YES;
				INFOPLIST_KEY_UISupportedInterfaceOrientations_iPad = "UIInterfaceOrientationPortrait UIInterfaceOrientationPortraitUpsideDown UIInterfaceOrientationLandscapeLeft UIInterfaceOrientationLandscapeRight";
				INFOPLIST_KEY_UISupportedInterfaceOrientations_iPhone = "UIInterfaceOrientationPortrait UIInterfaceOrientationLandscapeLeft UIInterfaceOrientationLandscapeRight";
				LD_RUNPATH_SEARCH_PATHS = (
					"$(inherited)",
					"@executable_path/Frameworks",
				);
				MARKETING_VERSION = 1.0;
				PRODUCT_BUNDLE_IDENTIFIER = com.chrisdoyle.werkowt;
				PRODUCT_NAME = "$(TARGET_NAME)";
				SWIFT_EMIT_LOC_STRINGS = YES;
				SWIFT_VERSION = 5.0;
				TARGETED_DEVICE_FAMILY = "1,2";
			};
			name = Release;
		};
/* End XCBuildConfiguration section */

/* Begin XCConfigurationList section */
		2E731DAE2DFCA0A00001CCED /* Build configuration list for PBXProject "werkowt" */ = {
			isa = XCConfigurationList;
			buildConfigurations = (
				2E731DBF2DFCA0A20001CCED /* Debug */,
				2E731DC02DFCA0A20001CCED /* Release */,
			);
			defaultConfigurationIsVisible = 0;
			defaultConfigurationName = Release;
		};
		2E731DC12DFCA0A20001CCED /* Build configuration list for PBXNativeTarget "werkowt" */ = {
			isa = XCConfigurationList;
			buildConfigurations = (
				2E731DC22DFCA0A20001CCED /* Debug */,
				2E731DC32DFCA0A20001CCED /* Release */,
			);
			defaultConfigurationIsVisible = 0;
			defaultConfigurationName = Release;
		};
/* End XCConfigurationList section */

/* Begin XCRemoteSwiftPackageReference section */
		2E3FAF612DFCB30400BAAED8 /* XCRemoteSwiftPackageReference "supabase-swift" */ = {
			isa = XCRemoteSwiftPackageReference;
			repositoryURL = "https://github.com/supabase/supabase-swift";
			requirement = {
				kind = upToNextMajorVersion;
				minimumVersion = 2.5.1;
			};
		};
/* End XCRemoteSwiftPackageReference section */

/* Begin XCSwiftPackageProductDependency section */
		2E3FAF622DFCB30400BAAED8 /* Auth */ = {
			isa = XCSwiftPackageProductDependency;
			package = 2E3FAF612DFCB30400BAAED8 /* XCRemoteSwiftPackageReference "supabase-swift" */;
			productName = Auth;
		};
		2E3FAF642DFCB30400BAAED8 /* Functions */ = {
			isa = XCSwiftPackageProductDependency;
			package = 2E3FAF612DFCB30400BAAED8 /* XCRemoteSwiftPackageReference "supabase-swift" */;
			productName = Functions;
		};
		2E3FAF662DFCB30400BAAED8 /* PostgREST */ = {
			isa = XCSwiftPackageProductDependency;
			package = 2E3FAF612DFCB30400BAAED8 /* XCRemoteSwiftPackageReference "supabase-swift" */;
			productName = PostgREST;
		};
		2E3FAF682DFCB30400BAAED8 /* Realtime */ = {
			isa = XCSwiftPackageProductDependency;
			package = 2E3FAF612DFCB30400BAAED8 /* XCRemoteSwiftPackageReference "supabase-swift" */;
			productName = Realtime;
		};
		2E3FAF6A2DFCB30400BAAED8 /* Storage */ = {
			isa = XCSwiftPackageProductDependency;
			package = 2E3FAF612DFCB30400BAAED8 /* XCRemoteSwiftPackageReference "supabase-swift" */;
			productName = Storage;
		};
		2E3FAF6D2DFCB43500BAAED8 /* Supabase */ = {
			isa = XCSwiftPackageProductDependency;
			package = 2E3FAF612DFCB30400BAAED8 /* XCRemoteSwiftPackageReference "supabase-swift" */;
			productName = Supabase;
		};
/* End XCSwiftPackageProductDependency section */
	};
	rootObject = 2E731DAB2DFCA0A00001CCED /* Project object */;
}
