// !$*UTF8*$!
{
	archiveVersion = 1;
	classes = {
	};
	objectVersion = 56;
	objects = {

/* Begin PBXBuildFile section */
		2E3FAF632DFCB30400BAAED8 /* Auth in Frameworks */ = {isa = PBXBuildFile; productRef = 2E3FAF622DFCB30400BAAED8 /* Auth */; };
		2E3FAF652DFCB30400BAAED8 /* Functions in Frameworks */ = {isa = PBXBuildFile; productRef = 2E3FAF642DFCB30400BAAED8 /* Functions */; };
		2E3FAF672DFCB30400BAAED8 /* PostgREST in Frameworks */ = {isa = PBXBuildFile; productRef = 2E3FAF662DFCB30400BAAED8 /* PostgREST */; };
		2E3FAF692DFCB30400BAAED8 /* Realtime in Frameworks */ = {isa = PBXBuildFile; productRef = 2E3FAF682DFCB30400BAAED8 /* Realtime */; };
		2E3FAF6B2DFCB30400BAAED8 /* Storage in Frameworks */ = {isa = PBXBuildFile; productRef = 2E3FAF6A2DFCB30400BAAED8 /* Storage */; };
		2E3FAF6E2DFCB43500BAAED8 /* Supabase in Frameworks */ = {isa = PBXBuildFile; productRef = 2E3FAF6D2DFCB43500BAAED8 /* Supabase */; };
		2E3FAF892DFCB83000BAAED8 /* Assets.xcassets in Resources */ = {isa = PBXBuildFile; fileRef = 2E3FAF7C2DFCB83000BAAED8 /* Assets.xcassets */; };
		2E3FAF992DFCB8E100BAAED8 /* Preview Assets.xcassets in Resources */ = {isa = PBXBuildFile; fileRef = 2E3FAF8E2DFCB8E000BAAED8 /* Preview Assets.xcassets */; };
		2E3FAFE12DFCBCE000BAAED8 /* Config.xcconfig in Resources */ = {isa = PBXBuildFile; fileRef = 2E3FAFCB2DFCBCE000BAAED8 /* Config.xcconfig */; };
		2E3FAFE22DFCBCE000BAAED8 /* Config.xcconfig.example in Resources */ = {isa = PBXBuildFile; fileRef = 2E3FAFCC2DFCBCE000BAAED8 /* Config.xcconfig.example */; };
		6451626D2E2067DC00BCC818 /* Preview Assets.xcassets in Resources */ = {isa = PBXBuildFile; fileRef = 6451622B2E2067DC00BCC818 /* Preview Assets.xcassets */; };
		6451626E2E2067DC00BCC818 /* Assets.xcassets in Resources */ = {isa = PBXBuildFile; fileRef = 645162532E2067DC00BCC818 /* Assets.xcassets */; };
		6451626F2E2067DC00BCC818 /* exercises.json in Resources */ = {isa = PBXBuildFile; fileRef = 6451625D2E2067DC00BCC818 /* exercises.json */; };
		645162702E2067DC00BCC818 /* MealDetailView.swift in Sources */ = {isa = PBXBuildFile; fileRef = 6451623E2E2067DC00BCC818 /* MealDetailView.swift */; };
		645162712E2067DC00BCC818 /* SettingsView.swift in Sources */ = {isa = PBXBuildFile; fileRef = 645162482E2067DC00BCC818 /* SettingsView.swift */; };
		645162722E2067DC00BCC818 /* SharedFoodSearchComponents.swift in Sources */ = {isa = PBXBuildFile; fileRef = 645162492E2067DC00BCC818 /* SharedFoodSearchComponents.swift */; };
		645162732E2067DC00BCC818 /* werkowtApp.swift in Sources */ = {isa = PBXBuildFile; fileRef = 645162692E2067DC00BCC818 /* werkowtApp.swift */; };
		645162742E2067DC00BCC818 /* MealPlanDetailView.swift in Sources */ = {isa = PBXBuildFile; fileRef = 6451623F2E2067DC00BCC818 /* MealPlanDetailView.swift */; };
		645162752E2067DC00BCC818 /* DataMigrationHelper.swift in Sources */ = {isa = PBXBuildFile; fileRef = 645162582E2067DC00BCC818 /* DataMigrationHelper.swift */; };
		645162762E2067DC00BCC818 /* UnifiedActionWidget.swift in Sources */ = {isa = PBXBuildFile; fileRef = 6451624C2E2067DC00BCC818 /* UnifiedActionWidget.swift */; };
		645162772E2067DC00BCC818 /* ErrorTypes.swift in Sources */ = {isa = PBXBuildFile; fileRef = 6451625A2E2067DC00BCC818 /* ErrorTypes.swift */; };
		645162782E2067DC00BCC818 /* ClaudeAPIClient.swift in Sources */ = {isa = PBXBuildFile; fileRef = 645162552E2067DC00BCC818 /* ClaudeAPIClient.swift */; };
		645162792E2067DC00BCC818 /* GoalSettingsView.swift in Sources */ = {isa = PBXBuildFile; fileRef = 645162382E2067DC00BCC818 /* GoalSettingsView.swift */; };
		6451627A2E2067DC00BCC818 /* MainTabView.swift in Sources */ = {isa = PBXBuildFile; fileRef = 645162612E2067DC00BCC818 /* MainTabView.swift */; };
		6451627B2E2067DC00BCC818 /* FloatingActionButton.swift in Sources */ = {isa = PBXBuildFile; fileRef = 645162312E2067DC00BCC818 /* FloatingActionButton.swift */; };
		6451627C2E2067DC00BCC818 /* WorkoutDataManager.swift in Sources */ = {isa = PBXBuildFile; fileRef = 6451626A2E2067DC00BCC818 /* WorkoutDataManager.swift */; };
		6451627D2E2067DC00BCC818 /* AppRootView.swift in Sources */ = {isa = PBXBuildFile; fileRef = 645162522E2067DC00BCC818 /* AppRootView.swift */; };
		6451627E2E2067DC00BCC818 /* TodayNutritionView.swift in Sources */ = {isa = PBXBuildFile; fileRef = 6451624B2E2067DC00BCC818 /* TodayNutritionView.swift */; };
		6451627F2E2067DC00BCC818 /* SupabaseManager.swift in Sources */ = {isa = PBXBuildFile; fileRef = 645162652E2067DC00BCC818 /* SupabaseManager.swift */; };
		645162802E2067DC00BCC818 /* MacroModels.swift in Sources */ = {isa = PBXBuildFile; fileRef = 645162602E2067DC00BCC818 /* MacroModels.swift */; };
		645162812E2067DC00BCC818 /* FoodModels.swift in Sources */ = {isa = PBXBuildFile; fileRef = 6451625E2E2067DC00BCC818 /* FoodModels.swift */; };
		645162822E2067DC00BCC818 /* ActivityRingsView.swift in Sources */ = {isa = PBXBuildFile; fileRef = 6451622E2E2067DC00BCC818 /* ActivityRingsView.swift */; };
		645162832E2067DC00BCC818 /* MacroPieChart.swift in Sources */ = {isa = PBXBuildFile; fileRef = 6451623C2E2067DC00BCC818 /* MacroPieChart.swift */; };
		645162842E2067DC00BCC818 /* AuthView.swift in Sources */ = {isa = PBXBuildFile; fileRef = 6451622F2E2067DC00BCC818 /* AuthView.swift */; };
		645162852E2067DC00BCC818 /* NutritionTabView.swift in Sources */ = {isa = PBXBuildFile; fileRef = 645162462E2067DC00BCC818 /* NutritionTabView.swift */; };
		645162862E2067DC00BCC818 /* FoodAnalysisLoadingView.swift in Sources */ = {isa = PBXBuildFile; fileRef = 645162322E2067DC00BCC818 /* FoodAnalysisLoadingView.swift */; };
		645162872E2067DC00BCC818 /* WeightTrackingView.swift in Sources */ = {isa = PBXBuildFile; fileRef = 6451624E2E2067DC00BCC818 /* WeightTrackingView.swift */; };
		645162882E2067DC00BCC818 /* ShoppingDashboardView.swift in Sources */ = {isa = PBXBuildFile; fileRef = 6451624A2E2067DC00BCC818 /* ShoppingDashboardView.swift */; };
		645162892E2067DC00BCC818 /* SupabaseService.swift in Sources */ = {isa = PBXBuildFile; fileRef = 645162662E2067DC00BCC818 /* SupabaseService.swift */; };
		6451628A2E2067DC00BCC818 /* FoodTrackingView.swift in Sources */ = {isa = PBXBuildFile; fileRef = 645162362E2067DC00BCC818 /* FoodTrackingView.swift */; };
		6451628B2E2067DC00BCC818 /* MealPlanningDashboardView.swift in Sources */ = {isa = PBXBuildFile; fileRef = 645162422E2067DC00BCC818 /* MealPlanningDashboardView.swift */; };
		6451628C2E2067DC00BCC818 /* HomeView.swift in Sources */ = {isa = PBXBuildFile; fileRef = 645162392E2067DC00BCC818 /* HomeView.swift */; };
		6451628D2E2067DC00BCC818 /* Config.swift in Sources */ = {isa = PBXBuildFile; fileRef = 645162562E2067DC00BCC818 /* Config.swift */; };
		6451628E2E2067DC00BCC818 /* CustomTabView.swift in Sources */ = {isa = PBXBuildFile; fileRef = 645162572E2067DC00BCC818 /* CustomTabView.swift */; };
		6451628F2E2067DC00BCC818 /* WorkoutProgressView.swift in Sources */ = {isa = PBXBuildFile; fileRef = 645162502E2067DC00BCC818 /* WorkoutProgressView.swift */; };
		645162902E2067DC00BCC818 /* FoodVerificationView.swift in Sources */ = {isa = PBXBuildFile; fileRef = 645162372E2067DC00BCC818 /* FoodVerificationView.swift */; };
		645162912E2067DC00BCC818 /* Logger.swift in Sources */ = {isa = PBXBuildFile; fileRef = 6451625F2E2067DC00BCC818 /* Logger.swift */; };
		645162922E2067DC00BCC818 /* MealPlanningView.swift in Sources */ = {isa = PBXBuildFile; fileRef = 645162432E2067DC00BCC818 /* MealPlanningView.swift */; };
		645162932E2067DC00BCC818 /* UnifiedNutritionView.swift in Sources */ = {isa = PBXBuildFile; fileRef = 6451624D2E2067DC00BCC818 /* UnifiedNutritionView.swift */; };
		645162942E2067DC00BCC818 /* NutritionPlanningView.swift in Sources */ = {isa = PBXBuildFile; fileRef = 645162452E2067DC00BCC818 /* NutritionPlanningView.swift */; };
		645162952E2067DC00BCC818 /* FoodLibraryView.swift in Sources */ = {isa = PBXBuildFile; fileRef = 645162342E2067DC00BCC818 /* FoodLibraryView.swift */; };
		645162962E2067DC00BCC818 /* IntegratedShoppingListView.swift in Sources */ = {isa = PBXBuildFile; fileRef = 6451623A2E2067DC00BCC818 /* IntegratedShoppingListView.swift */; };
		645162972E2067DC00BCC818 /* ExerciseDataManager.swift in Sources */ = {isa = PBXBuildFile; fileRef = 6451625B2E2067DC00BCC818 /* ExerciseDataManager.swift */; };
		645162982E2067DC00BCC818 /* QuickClassLoggerView.swift in Sources */ = {isa = PBXBuildFile; fileRef = 645162472E2067DC00BCC818 /* QuickClassLoggerView.swift */; };
		645162992E2067DC00BCC818 /* ExerciseModels.swift in Sources */ = {isa = PBXBuildFile; fileRef = 6451625C2E2067DC00BCC818 /* ExerciseModels.swift */; };
		6451629A2E2067DC00BCC818 /* TimerManager.swift in Sources */ = {isa = PBXBuildFile; fileRef = 645162672E2067DC00BCC818 /* TimerManager.swift */; };
		6451629B2E2067DC00BCC818 /* WorkoutModels.swift in Sources */ = {isa = PBXBuildFile; fileRef = 6451626B2E2067DC00BCC818 /* WorkoutModels.swift */; };
		6451629C2E2067DC00BCC818 /* WorkoutCreatorView.swift in Sources */ = {isa = PBXBuildFile; fileRef = 6451624F2E2067DC00BCC818 /* WorkoutCreatorView.swift */; };
		6451629D2E2067DC00BCC818 /* AuthManager.swift in Sources */ = {isa = PBXBuildFile; fileRef = 645162542E2067DC00BCC818 /* AuthManager.swift */; };
		6451629E2E2067DC00BCC818 /* FoodTrackingMealDetailView.swift in Sources */ = {isa = PBXBuildFile; fileRef = 645162352E2067DC00BCC818 /* FoodTrackingMealDetailView.swift */; };
		6451629F2E2067DC00BCC818 /* Models.swift in Sources */ = {isa = PBXBuildFile; fileRef = 645162632E2067DC00BCC818 /* Models.swift */; };
		645162A02E2067DC00BCC818 /* ManualFoodSearchView.swift in Sources */ = {isa = PBXBuildFile; fileRef = 6451623D2E2067DC00BCC818 /* ManualFoodSearchView.swift */; };
		645162A12E2067DC00BCC818 /* MealTrackingView.swift in Sources */ = {isa = PBXBuildFile; fileRef = 645162442E2067DC00BCC818 /* MealTrackingView.swift */; };
		645162A22E2067DC00BCC818 /* LiveWorkoutView.swift in Sources */ = {isa = PBXBuildFile; fileRef = 6451623B2E2067DC00BCC818 /* LiveWorkoutView.swift */; };
		645162A32E2067DC00BCC818 /* FoodCreationViews.swift in Sources */ = {isa = PBXBuildFile; fileRef = 645162332E2067DC00BCC818 /* FoodCreationViews.swift */; };
		645162A42E2067DC00BCC818 /* DateNavigationView.swift in Sources */ = {isa = PBXBuildFile; fileRef = 645162302E2067DC00BCC818 /* DateNavigationView.swift */; };
		645162A52E2067DC00BCC818 /* ShoppingListManager.swift in Sources */ = {isa = PBXBuildFile; fileRef = 645162642E2067DC00BCC818 /* ShoppingListManager.swift */; };
		645162A62E2067DC00BCC818 /* DateFormatters.swift in Sources */ = {isa = PBXBuildFile; fileRef = 645162592E2067DC00BCC818 /* DateFormatters.swift */; };
		645162A72E2067DC00BCC818 /* MealPlanLoadingView.swift in Sources */ = {isa = PBXBuildFile; fileRef = 645162412E2067DC00BCC818 /* MealPlanLoadingView.swift */; };
		645162A82E2067DC00BCC818 /* MealPlanAPIModels.swift in Sources */ = {isa = PBXBuildFile; fileRef = 645162622E2067DC00BCC818 /* MealPlanAPIModels.swift */; };
		645162A92E2067DC00BCC818 /* MealPlanListView.swift in Sources */ = {isa = PBXBuildFile; fileRef = 645162402E2067DC00BCC818 /* MealPlanListView.swift */; };
		645162AA2E2067DC00BCC818 /* Utils.swift in Sources */ = {isa = PBXBuildFile; fileRef = 645162682E2067DC00BCC818 /* Utils.swift */; };
/* End PBXBuildFile section */

/* Begin PBXFileReference section */
		2E3FAF7C2DFCB83000BAAED8 /* Assets.xcassets */ = {isa = PBXFileReference; lastKnownFileType = folder.assetcatalog; name = Assets.xcassets; path = werkowt/Assets.xcassets; sourceTree = "<group>"; };
		2E3FAF8E2DFCB8E000BAAED8 /* Preview Assets.xcassets */ = {isa = PBXFileReference; lastKnownFileType = folder.assetcatalog; path = "Preview Assets.xcassets"; sourceTree = "<group>"; };
		2E3FAFB32DFCBCCF00BAAED8 /* werkowt.app */ = {isa = PBXFileReference; explicitFileType = wrapper.application; includeInIndex = 0; path = werkowt.app; sourceTree = BUILT_PRODUCTS_DIR; };
		2E3FAFCB2DFCBCE000BAAED8 /* Config.xcconfig */ = {isa = PBXFileReference; fileEncoding = 4; lastKnownFileType = text.xcconfig; path = Config.xcconfig; sourceTree = "<group>"; };
		2E3FAFCC2DFCBCE000BAAED8 /* Config.xcconfig.example */ = {isa = PBXFileReference; fileEncoding = 4; lastKnownFileType = text; path = Config.xcconfig.example; sourceTree = "<group>"; };
		6451622B2E2067DC00BCC818 /* Preview Assets.xcassets */ = {isa = PBXFileReference; lastKnownFileType = folder.assetcatalog; path = "Preview Assets.xcassets"; sourceTree = "<group>"; };
		6451622E2E2067DC00BCC818 /* ActivityRingsView.swift */ = {isa = PBXFileReference; lastKnownFileType = sourcecode.swift; path = ActivityRingsView.swift; sourceTree = "<group>"; };
		6451622F2E2067DC00BCC818 /* AuthView.swift */ = {isa = PBXFileReference; lastKnownFileType = sourcecode.swift; path = AuthView.swift; sourceTree = "<group>"; };
		645162302E2067DC00BCC818 /* DateNavigationView.swift */ = {isa = PBXFileReference; lastKnownFileType = sourcecode.swift; path = DateNavigationView.swift; sourceTree = "<group>"; };
		645162312E2067DC00BCC818 /* FloatingActionButton.swift */ = {isa = PBXFileReference; lastKnownFileType = sourcecode.swift; path = FloatingActionButton.swift; sourceTree = "<group>"; };
		645162322E2067DC00BCC818 /* FoodAnalysisLoadingView.swift */ = {isa = PBXFileReference; lastKnownFileType = sourcecode.swift; path = FoodAnalysisLoadingView.swift; sourceTree = "<group>"; };
		645162332E2067DC00BCC818 /* FoodCreationViews.swift */ = {isa = PBXFileReference; lastKnownFileType = sourcecode.swift; path = FoodCreationViews.swift; sourceTree = "<group>"; };
		645162342E2067DC00BCC818 /* FoodLibraryView.swift */ = {isa = PBXFileReference; lastKnownFileType = sourcecode.swift; path = FoodLibraryView.swift; sourceTree = "<group>"; };
		645162352E2067DC00BCC818 /* FoodTrackingMealDetailView.swift */ = {isa = PBXFileReference; lastKnownFileType = sourcecode.swift; path = FoodTrackingMealDetailView.swift; sourceTree = "<group>"; };
		645162362E2067DC00BCC818 /* FoodTrackingView.swift */ = {isa = PBXFileReference; lastKnownFileType = sourcecode.swift; path = FoodTrackingView.swift; sourceTree = "<group>"; };
		645162372E2067DC00BCC818 /* FoodVerificationView.swift */ = {isa = PBXFileReference; lastKnownFileType = sourcecode.swift; path = FoodVerificationView.swift; sourceTree = "<group>"; };
		645162382E2067DC00BCC818 /* GoalSettingsView.swift */ = {isa = PBXFileReference; lastKnownFileType = sourcecode.swift; path = GoalSettingsView.swift; sourceTree = "<group>"; };
		645162392E2067DC00BCC818 /* HomeView.swift */ = {isa = PBXFileReference; lastKnownFileType = sourcecode.swift; path = HomeView.swift; sourceTree = "<group>"; };
		6451623A2E2067DC00BCC818 /* IntegratedShoppingListView.swift */ = {isa = PBXFileReference; lastKnownFileType = sourcecode.swift; path = IntegratedShoppingListView.swift; sourceTree = "<group>"; };
		6451623B2E2067DC00BCC818 /* LiveWorkoutView.swift */ = {isa = PBXFileReference; lastKnownFileType = sourcecode.swift; path = LiveWorkoutView.swift; sourceTree = "<group>"; };
		6451623C2E2067DC00BCC818 /* MacroPieChart.swift */ = {isa = PBXFileReference; lastKnownFileType = sourcecode.swift; path = MacroPieChart.swift; sourceTree = "<group>"; };
		6451623D2E2067DC00BCC818 /* ManualFoodSearchView.swift */ = {isa = PBXFileReference; lastKnownFileType = sourcecode.swift; path = ManualFoodSearchView.swift; sourceTree = "<group>"; };
		6451623E2E2067DC00BCC818 /* MealDetailView.swift */ = {isa = PBXFileReference; lastKnownFileType = sourcecode.swift; path = MealDetailView.swift; sourceTree = "<group>"; };
		6451623F2E2067DC00BCC818 /* MealPlanDetailView.swift */ = {isa = PBXFileReference; lastKnownFileType = sourcecode.swift; path = MealPlanDetailView.swift; sourceTree = "<group>"; };
		645162402E2067DC00BCC818 /* MealPlanListView.swift */ = {isa = PBXFileReference; lastKnownFileType = sourcecode.swift; path = MealPlanListView.swift; sourceTree = "<group>"; };
		645162412E2067DC00BCC818 /* MealPlanLoadingView.swift */ = {isa = PBXFileReference; lastKnownFileType = sourcecode.swift; path = MealPlanLoadingView.swift; sourceTree = "<group>"; };
		645162422E2067DC00BCC818 /* MealPlanningDashboardView.swift */ = {isa = PBXFileReference; lastKnownFileType = sourcecode.swift; path = MealPlanningDashboardView.swift; sourceTree = "<group>"; };
		645162432E2067DC00BCC818 /* MealPlanningView.swift */ = {isa = PBXFileReference; lastKnownFileType = sourcecode.swift; path = MealPlanningView.swift; sourceTree = "<group>"; };
		645162442E2067DC00BCC818 /* MealTrackingView.swift */ = {isa = PBXFileReference; lastKnownFileType = sourcecode.swift; path = MealTrackingView.swift; sourceTree = "<group>"; };
		645162452E2067DC00BCC818 /* NutritionPlanningView.swift */ = {isa = PBXFileReference; lastKnownFileType = sourcecode.swift; path = NutritionPlanningView.swift; sourceTree = "<group>"; };
		645162462E2067DC00BCC818 /* NutritionTabView.swift */ = {isa = PBXFileReference; lastKnownFileType = sourcecode.swift; path = NutritionTabView.swift; sourceTree = "<group>"; };
		645162472E2067DC00BCC818 /* QuickClassLoggerView.swift */ = {isa = PBXFileReference; lastKnownFileType = sourcecode.swift; path = QuickClassLoggerView.swift; sourceTree = "<group>"; };
		645162482E2067DC00BCC818 /* SettingsView.swift */ = {isa = PBXFileReference; lastKnownFileType = sourcecode.swift; path = SettingsView.swift; sourceTree = "<group>"; };
		645162492E2067DC00BCC818 /* SharedFoodSearchComponents.swift */ = {isa = PBXFileReference; lastKnownFileType = sourcecode.swift; path = SharedFoodSearchComponents.swift; sourceTree = "<group>"; };
		6451624A2E2067DC00BCC818 /* ShoppingDashboardView.swift */ = {isa = PBXFileReference; lastKnownFileType = sourcecode.swift; path = ShoppingDashboardView.swift; sourceTree = "<group>"; };
		6451624B2E2067DC00BCC818 /* TodayNutritionView.swift */ = {isa = PBXFileReference; lastKnownFileType = sourcecode.swift; path = TodayNutritionView.swift; sourceTree = "<group>"; };
		6451624C2E2067DC00BCC818 /* UnifiedActionWidget.swift */ = {isa = PBXFileReference; lastKnownFileType = sourcecode.swift; path = UnifiedActionWidget.swift; sourceTree = "<group>"; };
		6451624D2E2067DC00BCC818 /* UnifiedNutritionView.swift */ = {isa = PBXFileReference; lastKnownFileType = sourcecode.swift; path = UnifiedNutritionView.swift; sourceTree = "<group>"; };
		6451624E2E2067DC00BCC818 /* WeightTrackingView.swift */ = {isa = PBXFileReference; lastKnownFileType = sourcecode.swift; path = WeightTrackingView.swift; sourceTree = "<group>"; };
		6451624F2E2067DC00BCC818 /* WorkoutCreatorView.swift */ = {isa = PBXFileReference; lastKnownFileType = sourcecode.swift; path = WorkoutCreatorView.swift; sourceTree = "<group>"; };
		645162502E2067DC00BCC818 /* WorkoutProgressView.swift */ = {isa = PBXFileReference; lastKnownFileType = sourcecode.swift; path = WorkoutProgressView.swift; sourceTree = "<group>"; };
		645162522E2067DC00BCC818 /* AppRootView.swift */ = {isa = PBXFileReference; lastKnownFileType = sourcecode.swift; path = AppRootView.swift; sourceTree = "<group>"; };
		645162532E2067DC00BCC818 /* Assets.xcassets */ = {isa = PBXFileReference; lastKnownFileType = folder.assetcatalog; path = Assets.xcassets; sourceTree = "<group>"; };
		645162542E2067DC00BCC818 /* AuthManager.swift */ = {isa = PBXFileReference; lastKnownFileType = sourcecode.swift; path = AuthManager.swift; sourceTree = "<group>"; };
		645162552E2067DC00BCC818 /* ClaudeAPIClient.swift */ = {isa = PBXFileReference; lastKnownFileType = sourcecode.swift; path = ClaudeAPIClient.swift; sourceTree = "<group>"; };
		645162562E2067DC00BCC818 /* Config.swift */ = {isa = PBXFileReference; lastKnownFileType = sourcecode.swift; path = Config.swift; sourceTree = "<group>"; };
		645162572E2067DC00BCC818 /* CustomTabView.swift */ = {isa = PBXFileReference; lastKnownFileType = sourcecode.swift; path = CustomTabView.swift; sourceTree = "<group>"; };
		645162582E2067DC00BCC818 /* DataMigrationHelper.swift */ = {isa = PBXFileReference; lastKnownFileType = sourcecode.swift; path = DataMigrationHelper.swift; sourceTree = "<group>"; };
		645162592E2067DC00BCC818 /* DateFormatters.swift */ = {isa = PBXFileReference; lastKnownFileType = sourcecode.swift; path = DateFormatters.swift; sourceTree = "<group>"; };
		6451625A2E2067DC00BCC818 /* ErrorTypes.swift */ = {isa = PBXFileReference; lastKnownFileType = sourcecode.swift; path = ErrorTypes.swift; sourceTree = "<group>"; };
		6451625B2E2067DC00BCC818 /* ExerciseDataManager.swift */ = {isa = PBXFileReference; lastKnownFileType = sourcecode.swift; path = ExerciseDataManager.swift; sourceTree = "<group>"; };
		6451625C2E2067DC00BCC818 /* ExerciseModels.swift */ = {isa = PBXFileReference; lastKnownFileType = sourcecode.swift; path = ExerciseModels.swift; sourceTree = "<group>"; };
		6451625D2E2067DC00BCC818 /* exercises.json */ = {isa = PBXFileReference; lastKnownFileType = text.json; path = exercises.json; sourceTree = "<group>"; };
		6451625E2E2067DC00BCC818 /* FoodModels.swift */ = {isa = PBXFileReference; lastKnownFileType = sourcecode.swift; path = FoodModels.swift; sourceTree = "<group>"; };
		6451625F2E2067DC00BCC818 /* Logger.swift */ = {isa = PBXFileReference; lastKnownFileType = sourcecode.swift; path = Logger.swift; sourceTree = "<group>"; };
		645162602E2067DC00BCC818 /* MacroModels.swift */ = {isa = PBXFileReference; lastKnownFileType = sourcecode.swift; path = MacroModels.swift; sourceTree = "<group>"; };
		645162612E2067DC00BCC818 /* MainTabView.swift */ = {isa = PBXFileReference; lastKnownFileType = sourcecode.swift; path = MainTabView.swift; sourceTree = "<group>"; };
		645162622E2067DC00BCC818 /* MealPlanAPIModels.swift */ = {isa = PBXFileReference; lastKnownFileType = sourcecode.swift; path = MealPlanAPIModels.swift; sourceTree = "<group>"; };
		645162632E2067DC00BCC818 /* Models.swift */ = {isa = PBXFileReference; lastKnownFileType = sourcecode.swift; path = Models.swift; sourceTree = "<group>"; };
		645162642E2067DC00BCC818 /* ShoppingListManager.swift */ = {isa = PBXFileReference; lastKnownFileType = sourcecode.swift; path = ShoppingListManager.swift; sourceTree = "<group>"; };
		645162652E2067DC00BCC818 /* SupabaseManager.swift */ = {isa = PBXFileReference; lastKnownFileType = sourcecode.swift; path = SupabaseManager.swift; sourceTree = "<group>"; };
		645162662E2067DC00BCC818 /* SupabaseService.swift */ = {isa = PBXFileReference; lastKnownFileType = sourcecode.swift; path = SupabaseService.swift; sourceTree = "<group>"; };
		645162672E2067DC00BCC818 /* TimerManager.swift */ = {isa = PBXFileReference; lastKnownFileType = sourcecode.swift; path = TimerManager.swift; sourceTree = "<group>"; };
		645162682E2067DC00BCC818 /* Utils.swift */ = {isa = PBXFileReference; lastKnownFileType = sourcecode.swift; path = Utils.swift; sourceTree = "<group>"; };
		645162692E2067DC00BCC818 /* werkowtApp.swift */ = {isa = PBXFileReference; lastKnownFileType = sourcecode.swift; path = werkowtApp.swift; sourceTree = "<group>"; };
		6451626A2E2067DC00BCC818 /* WorkoutDataManager.swift */ = {isa = PBXFileReference; lastKnownFileType = sourcecode.swift; path = WorkoutDataManager.swift; sourceTree = "<group>"; };
		6451626B2E2067DC00BCC818 /* WorkoutModels.swift */ = {isa = PBXFileReference; lastKnownFileType = sourcecode.swift; path = WorkoutModels.swift; sourceTree = "<group>"; };
/* End PBXFileReference section */

/* Begin PBXFrameworksBuildPhase section */
		2E731DB02DFCA0A00001CCED /* Frameworks */ = {
			isa = PBXFrameworksBuildPhase;
			buildActionMask = 2147483647;
			files = (
				2E3FAF672DFCB30400BAAED8 /* PostgREST in Frameworks */,
				2E3FAF652DFCB30400BAAED8 /* Functions in Frameworks */,
				2E3FAF6E2DFCB43500BAAED8 /* Supabase in Frameworks */,
				2E3FAF632DFCB30400BAAED8 /* Auth in Frameworks */,
				2E3FAF6B2DFCB30400BAAED8 /* Storage in Frameworks */,
				2E3FAF692DFCB30400BAAED8 /* Realtime in Frameworks */,
			);
			runOnlyForDeploymentPostprocessing = 0;
		};
/* End PBXFrameworksBuildPhase section */

/* Begin PBXGroup section */
		2E3FAF8D2DFCB8E000BAAED8 /* Preview Content */ = {
			isa = PBXGroup;
			children = (
				2E3FAF8E2DFCB8E000BAAED8 /* Preview Assets.xcassets */,
			);
			name = "Preview Content";
			path = "werkowt/Preview Content";
			sourceTree = "<group>";
		};
		2E731DAA2DFCA0A00001CCED = {
			isa = PBXGroup;
			children = (
				6451626C2E2067DC00BCC818 /* werkowt */,
				2E3FAFCB2DFCBCE000BAAED8 /* Config.xcconfig */,
				2E3FAFCC2DFCBCE000BAAED8 /* Config.xcconfig.example */,
				2E3FAF7C2DFCB83000BAAED8 /* Assets.xcassets */,
				2E3FAF8D2DFCB8E000BAAED8 /* Preview Content */,
				2E3FAFB32DFCBCCF00BAAED8 /* werkowt.app */,
			);
			sourceTree = "<group>";
		};
		6451622C2E2067DC00BCC818 /* Preview Content */ = {
			isa = PBXGroup;
			children = (
				6451622B2E2067DC00BCC818 /* Preview Assets.xcassets */,
			);
			path = "Preview Content";
			sourceTree = "<group>";
		};
		6451622D2E2067DC00BCC818 /* Utils */ = {
			isa = PBXGroup;
			children = (
			);
			path = Utils;
			sourceTree = "<group>";
		};
		645162512E2067DC00BCC818 /* Views */ = {
			isa = PBXGroup;
			children = (
				6451622E2E2067DC00BCC818 /* ActivityRingsView.swift */,
				6451622F2E2067DC00BCC818 /* AuthView.swift */,
				645162302E2067DC00BCC818 /* DateNavigationView.swift */,
				645162312E2067DC00BCC818 /* FloatingActionButton.swift */,
				645162322E2067DC00BCC818 /* FoodAnalysisLoadingView.swift */,
				645162332E2067DC00BCC818 /* FoodCreationViews.swift */,
				645162342E2067DC00BCC818 /* FoodLibraryView.swift */,
				645162352E2067DC00BCC818 /* FoodTrackingMealDetailView.swift */,
				645162362E2067DC00BCC818 /* FoodTrackingView.swift */,
				645162372E2067DC00BCC818 /* FoodVerificationView.swift */,
				645162382E2067DC00BCC818 /* GoalSettingsView.swift */,
				645162392E2067DC00BCC818 /* HomeView.swift */,
				6451623A2E2067DC00BCC818 /* IntegratedShoppingListView.swift */,
				6451623B2E2067DC00BCC818 /* LiveWorkoutView.swift */,
				6451623C2E2067DC00BCC818 /* MacroPieChart.swift */,
				6451623D2E2067DC00BCC818 /* ManualFoodSearchView.swift */,
				6451623E2E2067DC00BCC818 /* MealDetailView.swift */,
				6451623F2E2067DC00BCC818 /* MealPlanDetailView.swift */,
				645162402E2067DC00BCC818 /* MealPlanListView.swift */,
				645162412E2067DC00BCC818 /* MealPlanLoadingView.swift */,
				645162422E2067DC00BCC818 /* MealPlanningDashboardView.swift */,
				645162432E2067DC00BCC818 /* MealPlanningView.swift */,
				645162442E2067DC00BCC818 /* MealTrackingView.swift */,
				645162452E2067DC00BCC818 /* NutritionPlanningView.swift */,
				645162462E2067DC00BCC818 /* NutritionTabView.swift */,
				645162472E2067DC00BCC818 /* QuickClassLoggerView.swift */,
				645162482E2067DC00BCC818 /* SettingsView.swift */,
				645162492E2067DC00BCC818 /* SharedFoodSearchComponents.swift */,
				6451624A2E2067DC00BCC818 /* ShoppingDashboardView.swift */,
				6451624B2E2067DC00BCC818 /* TodayNutritionView.swift */,
				6451624C2E2067DC00BCC818 /* UnifiedActionWidget.swift */,
				6451624D2E2067DC00BCC818 /* UnifiedNutritionView.swift */,
				6451624E2E2067DC00BCC818 /* WeightTrackingView.swift */,
				6451624F2E2067DC00BCC818 /* WorkoutCreatorView.swift */,
				645162502E2067DC00BCC818 /* WorkoutProgressView.swift */,
			);
			path = Views;
			sourceTree = "<group>";
		};
		6451626C2E2067DC00BCC818 /* werkowt */ = {
			isa = PBXGroup;
			children = (
				6451622C2E2067DC00BCC818 /* Preview Content */,
				6451622D2E2067DC00BCC818 /* Utils */,
				645162512E2067DC00BCC818 /* Views */,
				645162522E2067DC00BCC818 /* AppRootView.swift */,
				645162532E2067DC00BCC818 /* Assets.xcassets */,
				645162542E2067DC00BCC818 /* AuthManager.swift */,
				645162552E2067DC00BCC818 /* ClaudeAPIClient.swift */,
				645162562E2067DC00BCC818 /* Config.swift */,
				645162572E2067DC00BCC818 /* CustomTabView.swift */,
				645162582E2067DC00BCC818 /* DataMigrationHelper.swift */,
				645162592E2067DC00BCC818 /* DateFormatters.swift */,
				6451625A2E2067DC00BCC818 /* ErrorTypes.swift */,
				6451625B2E2067DC00BCC818 /* ExerciseDataManager.swift */,
				6451625C2E2067DC00BCC818 /* ExerciseModels.swift */,
				6451625D2E2067DC00BCC818 /* exercises.json */,
				6451625E2E2067DC00BCC818 /* FoodModels.swift */,
				6451625F2E2067DC00BCC818 /* Logger.swift */,
				645162602E2067DC00BCC818 /* MacroModels.swift */,
				645162612E2067DC00BCC818 /* MainTabView.swift */,
				645162622E2067DC00BCC818 /* MealPlanAPIModels.swift */,
				645162632E2067DC00BCC818 /* Models.swift */,
				645162642E2067DC00BCC818 /* ShoppingListManager.swift */,
				645162652E2067DC00BCC818 /* SupabaseManager.swift */,
				645162662E2067DC00BCC818 /* SupabaseService.swift */,
				645162672E2067DC00BCC818 /* TimerManager.swift */,
				645162682E2067DC00BCC818 /* Utils.swift */,
				645162692E2067DC00BCC818 /* werkowtApp.swift */,
				6451626A2E2067DC00BCC818 /* WorkoutDataManager.swift */,
				6451626B2E2067DC00BCC818 /* WorkoutModels.swift */,
			);
			path = werkowt;
			sourceTree = "<group>";
		};
/* End PBXGroup section */

/* Begin PBXNativeTarget section */
		2E731DB22DFCA0A00001CCED /* werkowt */ = {
			isa = PBXNativeTarget;
			buildConfigurationList = 2E731DC12DFCA0A20001CCED /* Build configuration list for PBXNativeTarget "werkowt" */;
			buildPhases = (
				2E731DAF2DFCA0A00001CCED /* Sources */,
				2E731DB02DFCA0A00001CCED /* Frameworks */,
				2E731DB12DFCA0A00001CCED /* Resources */,
			);
			buildRules = (
			);
			dependencies = (
			);
			name = werkowt;
			packageProductDependencies = (
				2E3FAF622DFCB30400BAAED8 /* Auth */,
				2E3FAF642DFCB30400BAAED8 /* Functions */,
				2E3FAF662DFCB30400BAAED8 /* PostgREST */,
				2E3FAF682DFCB30400BAAED8 /* Realtime */,
				2E3FAF6A2DFCB30400BAAED8 /* Storage */,
				2E3FAF6D2DFCB43500BAAED8 /* Supabase */,
			);
			productName = werkowt;
			productReference = 2E3FAFB32DFCBCCF00BAAED8 /* werkowt.app */;
			productType = "com.apple.product-type.application";
		};
/* End PBXNativeTarget section */

/* Begin PBXProject section */
		2E731DAB2DFCA0A00001CCED /* Project object */ = {
			isa = PBXProject;
			attributes = {
				BuildIndependentTargetsInParallel = 1;
				LastSwiftUpdateCheck = 1510;
				LastUpgradeCheck = 1510;
				TargetAttributes = {
					2E731DB22DFCA0A00001CCED = {
						CreatedOnToolsVersion = 15.1;
					};
				};
			};
			buildConfigurationList = 2E731DAE2DFCA0A00001CCED /* Build configuration list for PBXProject "werkowt" */;
			compatibilityVersion = "Xcode 14.0";
			developmentRegion = en;
			hasScannedForEncodings = 0;
			knownRegions = (
				en,
				Base,
			);
			mainGroup = 2E731DAA2DFCA0A00001CCED;
			packageReferences = (
				2E3FAF612DFCB30400BAAED8 /* XCRemoteSwiftPackageReference "supabase-swift" */,
			);
			productRefGroup = 2E731DAA2DFCA0A00001CCED;
			projectDirPath = "";
			projectRoot = "";
			targets = (
				2E731DB22DFCA0A00001CCED /* werkowt */,
			);
		};
/* End PBXProject section */

/* Begin PBXResourcesBuildPhase section */
		2E731DB12DFCA0A00001CCED /* Resources */ = {
			isa = PBXResourcesBuildPhase;
			buildActionMask = 2147483647;
			files = (
				2E3FAF992DFCB8E100BAAED8 /* Preview Assets.xcassets in Resources */,
				6451626D2E2067DC00BCC818 /* Preview Assets.xcassets in Resources */,
				6451626E2E2067DC00BCC818 /* Assets.xcassets in Resources */,
				6451626F2E2067DC00BCC818 /* exercises.json in Resources */,
				2E3FAF892DFCB83000BAAED8 /* Assets.xcassets in Resources */,
				2E3FAFE12DFCBCE000BAAED8 /* Config.xcconfig in Resources */,
				2E3FAFE22DFCBCE000BAAED8 /* Config.xcconfig.example in Resources */,
			);
			runOnlyForDeploymentPostprocessing = 0;
		};
/* End PBXResourcesBuildPhase section */

/* Begin PBXSourcesBuildPhase section */
		2E731DAF2DFCA0A00001CCED /* Sources */ = {
			isa = PBXSourcesBuildPhase;
			buildActionMask = 2147483647;
			files = (
				645162702E2067DC00BCC818 /* MealDetailView.swift in Sources */,
				645162712E2067DC00BCC818 /* SettingsView.swift in Sources */,
				645162722E2067DC00BCC818 /* SharedFoodSearchComponents.swift in Sources */,
				645162732E2067DC00BCC818 /* werkowtApp.swift in Sources */,
				645162742E2067DC00BCC818 /* MealPlanDetailView.swift in Sources */,
				645162752E2067DC00BCC818 /* DataMigrationHelper.swift in Sources */,
				645162762E2067DC00BCC818 /* UnifiedActionWidget.swift in Sources */,
				645162772E2067DC00BCC818 /* ErrorTypes.swift in Sources */,
				645162782E2067DC00BCC818 /* ClaudeAPIClient.swift in Sources */,
				645162792E2067DC00BCC818 /* GoalSettingsView.swift in Sources */,
				6451627A2E2067DC00BCC818 /* MainTabView.swift in Sources */,
				6451627B2E2067DC00BCC818 /* FloatingActionButton.swift in Sources */,
				6451627C2E2067DC00BCC818 /* WorkoutDataManager.swift in Sources */,
				6451627D2E2067DC00BCC818 /* AppRootView.swift in Sources */,
				6451627E2E2067DC00BCC818 /* TodayNutritionView.swift in Sources */,
				6451627F2E2067DC00BCC818 /* SupabaseManager.swift in Sources */,
				645162802E2067DC00BCC818 /* MacroModels.swift in Sources */,
				645162812E2067DC00BCC818 /* FoodModels.swift in Sources */,
				645162822E2067DC00BCC818 /* ActivityRingsView.swift in Sources */,
				645162832E2067DC00BCC818 /* MacroPieChart.swift in Sources */,
				645162842E2067DC00BCC818 /* AuthView.swift in Sources */,
				645162852E2067DC00BCC818 /* NutritionTabView.swift in Sources */,
				645162862E2067DC00BCC818 /* FoodAnalysisLoadingView.swift in Sources */,
				645162872E2067DC00BCC818 /* WeightTrackingView.swift in Sources */,
				645162882E2067DC00BCC818 /* ShoppingDashboardView.swift in Sources */,
				645162892E2067DC00BCC818 /* SupabaseService.swift in Sources */,
				6451628A2E2067DC00BCC818 /* FoodTrackingView.swift in Sources */,
				6451628B2E2067DC00BCC818 /* MealPlanningDashboardView.swift in Sources */,
				6451628C2E2067DC00BCC818 /* HomeView.swift in Sources */,
				6451628D2E2067DC00BCC818 /* Config.swift in Sources */,
				6451628E2E2067DC00BCC818 /* CustomTabView.swift in Sources */,
				6451628F2E2067DC00BCC818 /* WorkoutProgressView.swift in Sources */,
				645162902E2067DC00BCC818 /* FoodVerificationView.swift in Sources */,
				645162912E2067DC00BCC818 /* Logger.swift in Sources */,
				645162922E2067DC00BCC818 /* MealPlanningView.swift in Sources */,
				645162932E2067DC00BCC818 /* UnifiedNutritionView.swift in Sources */,
				645162942E2067DC00BCC818 /* NutritionPlanningView.swift in Sources */,
				645162952E2067DC00BCC818 /* FoodLibraryView.swift in Sources */,
				645162962E2067DC00BCC818 /* IntegratedShoppingListView.swift in Sources */,
				645162972E2067DC00BCC818 /* ExerciseDataManager.swift in Sources */,
				645162982E2067DC00BCC818 /* QuickClassLoggerView.swift in Sources */,
				645162992E2067DC00BCC818 /* ExerciseModels.swift in Sources */,
				6451629A2E2067DC00BCC818 /* TimerManager.swift in Sources */,
				6451629B2E2067DC00BCC818 /* WorkoutModels.swift in Sources */,
				6451629C2E2067DC00BCC818 /* WorkoutCreatorView.swift in Sources */,
				6451629D2E2067DC00BCC818 /* AuthManager.swift in Sources */,
				6451629E2E2067DC00BCC818 /* FoodTrackingMealDetailView.swift in Sources */,
				6451629F2E2067DC00BCC818 /* Models.swift in Sources */,
				645162A02E2067DC00BCC818 /* ManualFoodSearchView.swift in Sources */,
				645162A12E2067DC00BCC818 /* MealTrackingView.swift in Sources */,
				645162A22E2067DC00BCC818 /* LiveWorkoutView.swift in Sources */,
				645162A32E2067DC00BCC818 /* FoodCreationViews.swift in Sources */,
				645162A42E2067DC00BCC818 /* DateNavigationView.swift in Sources */,
				645162A52E2067DC00BCC818 /* ShoppingListManager.swift in Sources */,
				645162A62E2067DC00BCC818 /* DateFormatters.swift in Sources */,
				645162A72E2067DC00BCC818 /* MealPlanLoadingView.swift in Sources */,
				645162A82E2067DC00BCC818 /* MealPlanAPIModels.swift in Sources */,
				645162A92E2067DC00BCC818 /* MealPlanListView.swift in Sources */,
				645162AA2E2067DC00BCC818 /* Utils.swift in Sources */,
			);
			runOnlyForDeploymentPostprocessing = 0;
		};
/* End PBXSourcesBuildPhase section */

/* Begin XCBuildConfiguration section */
		2E731DBF2DFCA0A20001CCED /* Debug */ = {
			isa = XCBuildConfiguration;
			buildSettings = {
				ALWAYS_SEARCH_USER_PATHS = NO;
				ASSETCATALOG_COMPILER_GENERATE_SWIFT_ASSET_SYMBOL_EXTENSIONS = YES;
				CLANG_ANALYZER_NONNULL = YES;
				CLANG_ANALYZER_NUMBER_OBJECT_CONVERSION = YES_AGGRESSIVE;
				CLANG_CXX_LANGUAGE_STANDARD = "gnu++20";
				CLANG_ENABLE_MODULES = YES;
				CLANG_ENABLE_OBJC_ARC = YES;
				CLANG_ENABLE_OBJC_WEAK = YES;
				CLANG_WARN_BLOCK_CAPTURE_AUTORELEASING = YES;
				CLANG_WARN_BOOL_CONVERSION = YES;
				CLANG_WARN_COMMA = YES;
				CLANG_WARN_CONSTANT_CONVERSION = YES;
				CLANG_WARN_DEPRECATED_OBJC_IMPLEMENTATIONS = YES;
				CLANG_WARN_DIRECT_OBJC_ISA_USAGE = YES_ERROR;
				CLANG_WARN_DOCUMENTATION_COMMENTS = YES;
				CLANG_WARN_EMPTY_BODY = YES;
				CLANG_WARN_ENUM_CONVERSION = YES;
				CLANG_WARN_INFINITE_RECURSION = YES;
				CLANG_WARN_INT_CONVERSION = YES;
				CLANG_WARN_NON_LITERAL_NULL_CONVERSION = YES;
				CLANG_WARN_OBJC_IMPLICIT_RETAIN_SELF = YES;
				CLANG_WARN_OBJC_LITERAL_CONVERSION = YES;
				CLANG_WARN_OBJC_ROOT_CLASS = YES_ERROR;
				CLANG_WARN_QUOTED_INCLUDE_IN_FRAMEWORK_HEADER = YES;
				CLANG_WARN_RANGE_LOOP_ANALYSIS = YES;
				CLANG_WARN_STRICT_PROTOTYPES = YES;
				CLANG_WARN_SUSPICIOUS_MOVE = YES;
				CLANG_WARN_UNGUARDED_AVAILABILITY = YES_AGGRESSIVE;
				CLANG_WARN_UNREACHABLE_CODE = YES;
				CLANG_WARN__DUPLICATE_METHOD_MATCH = YES;
				COPY_PHASE_STRIP = NO;
				DEBUG_INFORMATION_FORMAT = dwarf;
				ENABLE_STRICT_OBJC_MSGSEND = YES;
				ENABLE_TESTABILITY = YES;
				ENABLE_USER_SCRIPT_SANDBOXING = YES;
				GCC_C_LANGUAGE_STANDARD = gnu17;
				GCC_DYNAMIC_NO_PIC = NO;
				GCC_NO_COMMON_BLOCKS = YES;
				GCC_OPTIMIZATION_LEVEL = 0;
				GCC_PREPROCESSOR_DEFINITIONS = (
					"DEBUG=1",
					"$(inherited)",
				);
				GCC_WARN_64_TO_32_BIT_CONVERSION = YES;
				GCC_WARN_ABOUT_RETURN_TYPE = YES_ERROR;
				GCC_WARN_UNDECLARED_SELECTOR = YES;
				GCC_WARN_UNINITIALIZED_AUTOS = YES_AGGRESSIVE;
				GCC_WARN_UNUSED_FUNCTION = YES;
				GCC_WARN_UNUSED_VARIABLE = YES;
				IPHONEOS_DEPLOYMENT_TARGET = 17.2;
				LOCALIZATION_PREFERS_STRING_CATALOGS = YES;
				MTL_ENABLE_DEBUG_INFO = INCLUDE_SOURCE;
				MTL_FAST_MATH = YES;
				ONLY_ACTIVE_ARCH = YES;
				SDKROOT = iphoneos;
				SWIFT_ACTIVE_COMPILATION_CONDITIONS = "DEBUG $(inherited)";
				SWIFT_OPTIMIZATION_LEVEL = "-Onone";
			};
			name = Debug;
		};
		2E731DC02DFCA0A20001CCED /* Release */ = {
			isa = XCBuildConfiguration;
			buildSettings = {
				ALWAYS_SEARCH_USER_PATHS = NO;
				ASSETCATALOG_COMPILER_GENERATE_SWIFT_ASSET_SYMBOL_EXTENSIONS = YES;
				CLANG_ANALYZER_NONNULL = YES;
				CLANG_ANALYZER_NUMBER_OBJECT_CONVERSION = YES_AGGRESSIVE;
				CLANG_CXX_LANGUAGE_STANDARD = "gnu++20";
				CLANG_ENABLE_MODULES = YES;
				CLANG_ENABLE_OBJC_ARC = YES;
				CLANG_ENABLE_OBJC_WEAK = YES;
				CLANG_WARN_BLOCK_CAPTURE_AUTORELEASING = YES;
				CLANG_WARN_BOOL_CONVERSION = YES;
				CLANG_WARN_COMMA = YES;
				CLANG_WARN_CONSTANT_CONVERSION = YES;
				CLANG_WARN_DEPRECATED_OBJC_IMPLEMENTATIONS = YES;
				CLANG_WARN_DIRECT_OBJC_ISA_USAGE = YES_ERROR;
				CLANG_WARN_DOCUMENTATION_COMMENTS = YES;
				CLANG_WARN_EMPTY_BODY = YES;
				CLANG_WARN_ENUM_CONVERSION = YES;
				CLANG_WARN_INFINITE_RECURSION = YES;
				CLANG_WARN_INT_CONVERSION = YES;
				CLANG_WARN_NON_LITERAL_NULL_CONVERSION = YES;
				CLANG_WARN_OBJC_IMPLICIT_RETAIN_SELF = YES;
				CLANG_WARN_OBJC_LITERAL_CONVERSION = YES;
				CLANG_WARN_OBJC_ROOT_CLASS = YES_ERROR;
				CLANG_WARN_QUOTED_INCLUDE_IN_FRAMEWORK_HEADER = YES;
				CLANG_WARN_RANGE_LOOP_ANALYSIS = YES;
				CLANG_WARN_STRICT_PROTOTYPES = YES;
				CLANG_WARN_SUSPICIOUS_MOVE = YES;
				CLANG_WARN_UNGUARDED_AVAILABILITY = YES_AGGRESSIVE;
				CLANG_WARN_UNREACHABLE_CODE = YES;
				CLANG_WARN__DUPLICATE_METHOD_MATCH = YES;
				COPY_PHASE_STRIP = NO;
				DEBUG_INFORMATION_FORMAT = "dwarf-with-dsym";
				ENABLE_NS_ASSERTIONS = NO;
				ENABLE_STRICT_OBJC_MSGSEND = YES;
				ENABLE_USER_SCRIPT_SANDBOXING = YES;
				GCC_C_LANGUAGE_STANDARD = gnu17;
				GCC_NO_COMMON_BLOCKS = YES;
				GCC_WARN_64_TO_32_BIT_CONVERSION = YES;
				GCC_WARN_ABOUT_RETURN_TYPE = YES_ERROR;
				GCC_WARN_UNDECLARED_SELECTOR = YES;
				GCC_WARN_UNINITIALIZED_AUTOS = YES_AGGRESSIVE;
				GCC_WARN_UNUSED_FUNCTION = YES;
				GCC_WARN_UNUSED_VARIABLE = YES;
				IPHONEOS_DEPLOYMENT_TARGET = 17.2;
				LOCALIZATION_PREFERS_STRING_CATALOGS = YES;
				MTL_ENABLE_DEBUG_INFO = NO;
				MTL_FAST_MATH = YES;
				SDKROOT = iphoneos;
				SWIFT_COMPILATION_MODE = wholemodule;
				VALIDATE_PRODUCT = YES;
			};
			name = Release;
		};
		2E731DC22DFCA0A20001CCED /* Debug */ = {
			isa = XCBuildConfiguration;
			buildSettings = {
				ASSETCATALOG_COMPILER_APPICON_NAME = AppIcon;
				ASSETCATALOG_COMPILER_GLOBAL_ACCENT_COLOR_NAME = AccentColor;
				CODE_SIGN_STYLE = Automatic;
				CURRENT_PROJECT_VERSION = 1;
				DEVELOPMENT_ASSET_PATHS = "\"werkowt/Preview Content\"";
				DEVELOPMENT_TEAM = KDWTV22MZF;
				ENABLE_PREVIEWS = YES;
				GENERATE_INFOPLIST_FILE = YES;
				INFOPLIST_KEY_CFBundleDisplayName = hhumble;
				INFOPLIST_KEY_UIApplicationSceneManifest_Generation = YES;
				INFOPLIST_KEY_UIApplicationSupportsIndirectInputEvents = YES;
				INFOPLIST_KEY_UILaunchScreen_Generation = YES;
				INFOPLIST_KEY_UISupportedInterfaceOrientations_iPad = "UIInterfaceOrientationPortrait UIInterfaceOrientationPortraitUpsideDown UIInterfaceOrientationLandscapeLeft UIInterfaceOrientationLandscapeRight";
				INFOPLIST_KEY_UISupportedInterfaceOrientations_iPhone = "UIInterfaceOrientationPortrait UIInterfaceOrientationLandscapeLeft UIInterfaceOrientationLandscapeRight";
				LD_RUNPATH_SEARCH_PATHS = (
					"$(inherited)",
					"@executable_path/Frameworks",
				);
				MARKETING_VERSION = 1.0;
				PRODUCT_BUNDLE_IDENTIFIER = com.chrisdoyle.werkowt;
				PRODUCT_NAME = "$(TARGET_NAME)";
				SWIFT_EMIT_LOC_STRINGS = YES;
				SWIFT_VERSION = 5.0;
				TARGETED_DEVICE_FAMILY = "1,2";
			};
			name = Debug;
		};
		2E731DC32DFCA0A20001CCED /* Release */ = {
			isa = XCBuildConfiguration;
			buildSettings = {
				ASSETCATALOG_COMPILER_APPICON_NAME = AppIcon;
				ASSETCATALOG_COMPILER_GLOBAL_ACCENT_COLOR_NAME = AccentColor;
				CODE_SIGN_STYLE = Automatic;
				CURRENT_PROJECT_VERSION = 1;
				DEVELOPMENT_ASSET_PATHS = "\"werkowt/Preview Content\"";
				DEVELOPMENT_TEAM = KDWTV22MZF;
				ENABLE_PREVIEWS = YES;
				GENERATE_INFOPLIST_FILE = YES;
				INFOPLIST_KEY_CFBundleDisplayName = hhumble;
				INFOPLIST_KEY_UIApplicationSceneManifest_Generation = YES;
				INFOPLIST_KEY_UIApplicationSupportsIndirectInputEvents = YES;
				INFOPLIST_KEY_UILaunchScreen_Generation = YES;
				INFOPLIST_KEY_UISupportedInterfaceOrientations_iPad = "UIInterfaceOrientationPortrait UIInterfaceOrientationPortraitUpsideDown UIInterfaceOrientationLandscapeLeft UIInterfaceOrientationLandscapeRight";
				INFOPLIST_KEY_UISupportedInterfaceOrientations_iPhone = "UIInterfaceOrientationPortrait UIInterfaceOrientationLandscapeLeft UIInterfaceOrientationLandscapeRight";
				LD_RUNPATH_SEARCH_PATHS = (
					"$(inherited)",
					"@executable_path/Frameworks",
				);
				MARKETING_VERSION = 1.0;
				PRODUCT_BUNDLE_IDENTIFIER = com.chrisdoyle.werkowt;
				PRODUCT_NAME = "$(TARGET_NAME)";
				SWIFT_EMIT_LOC_STRINGS = YES;
				SWIFT_VERSION = 5.0;
				TARGETED_DEVICE_FAMILY = "1,2";
			};
			name = Release;
		};
/* End XCBuildConfiguration section */

/* Begin XCConfigurationList section */
		2E731DAE2DFCA0A00001CCED /* Build configuration list for PBXProject "werkowt" */ = {
			isa = XCConfigurationList;
			buildConfigurations = (
				2E731DBF2DFCA0A20001CCED /* Debug */,
				2E731DC02DFCA0A20001CCED /* Release */,
			);
			defaultConfigurationIsVisible = 0;
			defaultConfigurationName = Release;
		};
		2E731DC12DFCA0A20001CCED /* Build configuration list for PBXNativeTarget "werkowt" */ = {
			isa = XCConfigurationList;
			buildConfigurations = (
				2E731DC22DFCA0A20001CCED /* Debug */,
				2E731DC32DFCA0A20001CCED /* Release */,
			);
			defaultConfigurationIsVisible = 0;
			defaultConfigurationName = Release;
		};
/* End XCConfigurationList section */

/* Begin XCRemoteSwiftPackageReference section */
		2E3FAF612DFCB30400BAAED8 /* XCRemoteSwiftPackageReference "supabase-swift" */ = {
			isa = XCRemoteSwiftPackageReference;
			repositoryURL = "https://github.com/supabase/supabase-swift";
			requirement = {
				kind = upToNextMajorVersion;
				minimumVersion = 2.5.1;
			};
		};
/* End XCRemoteSwiftPackageReference section */

/* Begin XCSwiftPackageProductDependency section */
		2E3FAF622DFCB30400BAAED8 /* Auth */ = {
			isa = XCSwiftPackageProductDependency;
			package = 2E3FAF612DFCB30400BAAED8 /* XCRemoteSwiftPackageReference "supabase-swift" */;
			productName = Auth;
		};
		2E3FAF642DFCB30400BAAED8 /* Functions */ = {
			isa = XCSwiftPackageProductDependency;
			package = 2E3FAF612DFCB30400BAAED8 /* XCRemoteSwiftPackageReference "supabase-swift" */;
			productName = Functions;
		};
		2E3FAF662DFCB30400BAAED8 /* PostgREST */ = {
			isa = XCSwiftPackageProductDependency;
			package = 2E3FAF612DFCB30400BAAED8 /* XCRemoteSwiftPackageReference "supabase-swift" */;
			productName = PostgREST;
		};
		2E3FAF682DFCB30400BAAED8 /* Realtime */ = {
			isa = XCSwiftPackageProductDependency;
			package = 2E3FAF612DFCB30400BAAED8 /* XCRemoteSwiftPackageReference "supabase-swift" */;
			productName = Realtime;
		};
		2E3FAF6A2DFCB30400BAAED8 /* Storage */ = {
			isa = XCSwiftPackageProductDependency;
			package = 2E3FAF612DFCB30400BAAED8 /* XCRemoteSwiftPackageReference "supabase-swift" */;
			productName = Storage;
		};
		2E3FAF6D2DFCB43500BAAED8 /* Supabase */ = {
			isa = XCSwiftPackageProductDependency;
			package = 2E3FAF612DFCB30400BAAED8 /* XCRemoteSwiftPackageReference "supabase-swift" */;
			productName = Supabase;
		};
/* End XCSwiftPackageProductDependency section */
	};
	rootObject = 2E731DAB2DFCA0A00001CCED /* Project object */;
}
