// !$*UTF8*$!
{
	archiveVersion = 1;
	classes = {
	};
	objectVersion = 56;
	objects = {

/* Begin PBXBuildFile section */
		2E3FAF632DFCB30400BAAED8 /* Auth in Frameworks */ = {isa = PBXBuildFile; productRef = 2E3FAF622DFCB30400BAAED8 /* Auth */; };
		2E3FAF652DFCB30400BAAED8 /* Functions in Frameworks */ = {isa = PBXBuildFile; productRef = 2E3FAF642DFCB30400BAAED8 /* Functions */; };
		2E3FAF672DFCB30400BAAED8 /* PostgREST in Frameworks */ = {isa = PBXBuildFile; productRef = 2E3FAF662DFCB30400BAAED8 /* PostgREST */; };
		2E3FAF692DFCB30400BAAED8 /* Realtime in Frameworks */ = {isa = PBXBuildFile; productRef = 2E3FAF682DFCB30400BAAED8 /* Realtime */; };
		2E3FAF6B2DFCB30400BAAED8 /* Storage in Frameworks */ = {isa = PBXBuildFile; productRef = 2E3FAF6A2DFCB30400BAAED8 /* Storage */; };
		2E3FAF6E2DFCB43500BAAED8 /* Supabase in Frameworks */ = {isa = PBXBuildFile; productRef = 2E3FAF6D2DFCB43500BAAED8 /* Supabase */; };
		2E3FAF892DFCB83000BAAED8 /* Assets.xcassets in Resources */ = {isa = PBXBuildFile; fileRef = 2E3FAF7C2DFCB83000BAAED8 /* Assets.xcassets */; };
		2E3FAF992DFCB8E100BAAED8 /* Preview Assets.xcassets in Resources */ = {isa = PBXBuildFile; fileRef = 2E3FAF8E2DFCB8E000BAAED8 /* Preview Assets.xcassets */; };
		2E3FAFE12DFCBCE000BAAED8 /* Config.xcconfig in Resources */ = {isa = PBXBuildFile; fileRef = 2E3FAFCB2DFCBCE000BAAED8 /* Config.xcconfig */; };
		2E3FAFE22DFCBCE000BAAED8 /* Config.xcconfig.example in Resources */ = {isa = PBXBuildFile; fileRef = 2E3FAFCC2DFCBCE000BAAED8 /* Config.xcconfig.example */; };
		644729312E09839400495B64 /* FoodModels.swift in Sources */ = {isa = PBXBuildFile; fileRef = 644729232E09839400495B64 /* FoodModels.swift */; };
		644729322E09839400495B64 /* FoodAnalysisLoadingView.swift in Sources */ = {isa = PBXBuildFile; fileRef = 644728FD2E09839400495B64 /* FoodAnalysisLoadingView.swift */; };
		644729332E09839400495B64 /* HomeView.swift in Sources */ = {isa = PBXBuildFile; fileRef = 644729012E09839400495B64 /* HomeView.swift */; };
		644729342E09839400495B64 /* SupabaseService.swift in Sources */ = {isa = PBXBuildFile; fileRef = 6447292B2E09839400495B64 /* SupabaseService.swift */; };
		644729352E09839400495B64 /* LiveWorkoutView.swift in Sources */ = {isa = PBXBuildFile; fileRef = 644729032E09839400495B64 /* LiveWorkoutView.swift */; };
		644729362E09839400495B64 /* werkowtApp.swift in Sources */ = {isa = PBXBuildFile; fileRef = 6447292D2E09839400495B64 /* werkowtApp.swift */; };
		644729372E09839400495B64 /* MealTrackingView.swift in Sources */ = {isa = PBXBuildFile; fileRef = 6447290B2E09839400495B64 /* MealTrackingView.swift */; };
		644729382E09839400495B64 /* NutritionPlanningView.swift in Sources */ = {isa = PBXBuildFile; fileRef = 6447290C2E09839400495B64 /* NutritionPlanningView.swift */; };
		644729392E09839400495B64 /* WorkoutModels.swift in Sources */ = {isa = PBXBuildFile; fileRef = 6447292F2E09839400495B64 /* WorkoutModels.swift */; };
		6447293A2E09839400495B64 /* QuickClassLoggerView.swift in Sources */ = {isa = PBXBuildFile; fileRef = 6447290E2E09839400495B64 /* QuickClassLoggerView.swift */; };
		6447293B2E09839400495B64 /* ShoppingDashboardView.swift in Sources */ = {isa = PBXBuildFile; fileRef = 644729102E09839400495B64 /* ShoppingDashboardView.swift */; };
		6447293C2E09839400495B64 /* MainTabView.swift in Sources */ = {isa = PBXBuildFile; fileRef = 644729262E09839400495B64 /* MainTabView.swift */; };
		6447293D2E09839400495B64 /* Config.swift in Sources */ = {isa = PBXBuildFile; fileRef = 6447291C2E09839400495B64 /* Config.swift */; };
		6447293E2E09839400495B64 /* DateFormatters.swift in Sources */ = {isa = PBXBuildFile; fileRef = 6447291E2E09839400495B64 /* DateFormatters.swift */; };
		6447293F2E09839400495B64 /* ClaudeAPIClient.swift in Sources */ = {isa = PBXBuildFile; fileRef = 6447291B2E09839400495B64 /* ClaudeAPIClient.swift */; };
		644729402E09839400495B64 /* ErrorTypes.swift in Sources */ = {isa = PBXBuildFile; fileRef = 6447291F2E09839400495B64 /* ErrorTypes.swift */; };
		644729412E09839400495B64 /* MealDetailView.swift in Sources */ = {isa = PBXBuildFile; fileRef = 644729062E09839400495B64 /* MealDetailView.swift */; };
		644729422E09839400495B64 /* MealPlanAPIModels.swift in Sources */ = {isa = PBXBuildFile; fileRef = 644729272E09839400495B64 /* MealPlanAPIModels.swift */; };
		644729432E09839400495B64 /* DataMigrationHelper.swift in Sources */ = {isa = PBXBuildFile; fileRef = 6447291D2E09839400495B64 /* DataMigrationHelper.swift */; };
		644729442E09839400495B64 /* MealPlanDetailView.swift in Sources */ = {isa = PBXBuildFile; fileRef = 644729072E09839400495B64 /* MealPlanDetailView.swift */; };
		644729452E09839400495B64 /* FoodVerificationView.swift in Sources */ = {isa = PBXBuildFile; fileRef = 644728FF2E09839400495B64 /* FoodVerificationView.swift */; };
		644729462E09839400495B64 /* TodayNutritionView.swift in Sources */ = {isa = PBXBuildFile; fileRef = 644729112E09839400495B64 /* TodayNutritionView.swift */; };
		644729472E09839400495B64 /* MacroModels.swift in Sources */ = {isa = PBXBuildFile; fileRef = 644729252E09839400495B64 /* MacroModels.swift */; };
		644729482E09839400495B64 /* TimerManager.swift in Sources */ = {isa = PBXBuildFile; fileRef = 6447292C2E09839400495B64 /* TimerManager.swift */; };
		644729492E09839400495B64 /* FoodTrackingView.swift in Sources */ = {isa = PBXBuildFile; fileRef = 644728FE2E09839400495B64 /* FoodTrackingView.swift */; };
		6447294A2E09839400495B64 /* UnifiedNutritionView.swift in Sources */ = {isa = PBXBuildFile; fileRef = 644729132E09839400495B64 /* UnifiedNutritionView.swift */; };
		6447294B2E09839400495B64 /* AuthView.swift in Sources */ = {isa = PBXBuildFile; fileRef = 644728FB2E09839400495B64 /* AuthView.swift */; };
		6447294C2E09839400495B64 /* Models.swift in Sources */ = {isa = PBXBuildFile; fileRef = 644729282E09839400495B64 /* Models.swift */; };
		6447294D2E09839400495B64 /* WeightTrackingView.swift in Sources */ = {isa = PBXBuildFile; fileRef = 644729142E09839400495B64 /* WeightTrackingView.swift */; };
		6447294E2E09839400495B64 /* WorkoutDataManager.swift in Sources */ = {isa = PBXBuildFile; fileRef = 6447292E2E09839400495B64 /* WorkoutDataManager.swift */; };
		6447294F2E09839400495B64 /* AppRootView.swift in Sources */ = {isa = PBXBuildFile; fileRef = 644729182E09839400495B64 /* AppRootView.swift */; };
		644729502E09839400495B64 /* Logger.swift in Sources */ = {isa = PBXBuildFile; fileRef = 644729242E09839400495B64 /* Logger.swift */; };
		644729512E09839400495B64 /* NutritionTabView.swift in Sources */ = {isa = PBXBuildFile; fileRef = 6447290D2E09839400495B64 /* NutritionTabView.swift */; };
		644729522E09839400495B64 /* AuthManager.swift in Sources */ = {isa = PBXBuildFile; fileRef = 6447291A2E09839400495B64 /* AuthManager.swift */; };
		644729532E09839400495B64 /* IntegratedShoppingListView.swift in Sources */ = {isa = PBXBuildFile; fileRef = 644729022E09839400495B64 /* IntegratedShoppingListView.swift */; };
		644729542E09839400495B64 /* ExerciseModels.swift in Sources */ = {isa = PBXBuildFile; fileRef = 644729212E09839400495B64 /* ExerciseModels.swift */; };
		644729552E09839400495B64 /* MacroPieChart.swift in Sources */ = {isa = PBXBuildFile; fileRef = 644729042E09839400495B64 /* MacroPieChart.swift */; };
		644729562E09839400495B64 /* SettingsView.swift in Sources */ = {isa = PBXBuildFile; fileRef = 6447290F2E09839400495B64 /* SettingsView.swift */; };
		644729572E09839400495B64 /* GoalSettingsView.swift in Sources */ = {isa = PBXBuildFile; fileRef = 644729002E09839400495B64 /* GoalSettingsView.swift */; };
		644729582E09839400495B64 /* MealPlanningView.swift in Sources */ = {isa = PBXBuildFile; fileRef = 6447290A2E09839400495B64 /* MealPlanningView.swift */; };
		644729592E09839400495B64 /* DateNavigationView.swift in Sources */ = {isa = PBXBuildFile; fileRef = 644728FC2E09839400495B64 /* DateNavigationView.swift */; };
		6447295A2E09839400495B64 /* UnifiedActionWidget.swift in Sources */ = {isa = PBXBuildFile; fileRef = 644729122E09839400495B64 /* UnifiedActionWidget.swift */; };
		6447295B2E09839400495B64 /* ShoppingListManager.swift in Sources */ = {isa = PBXBuildFile; fileRef = 644729292E09839400495B64 /* ShoppingListManager.swift */; };
		6447295C2E09839400495B64 /* MealPlanListView.swift in Sources */ = {isa = PBXBuildFile; fileRef = 644729082E09839400495B64 /* MealPlanListView.swift */; };
		6447295D2E09839400495B64 /* SupabaseManager.swift in Sources */ = {isa = PBXBuildFile; fileRef = 6447292A2E09839400495B64 /* SupabaseManager.swift */; };
		6447295E2E09839400495B64 /* WorkoutCreatorView.swift in Sources */ = {isa = PBXBuildFile; fileRef = 644729152E09839400495B64 /* WorkoutCreatorView.swift */; };
		6447295F2E09839400495B64 /* WorkoutProgressView.swift in Sources */ = {isa = PBXBuildFile; fileRef = 644729162E09839400495B64 /* WorkoutProgressView.swift */; };
		644729602E09839400495B64 /* ExerciseDataManager.swift in Sources */ = {isa = PBXBuildFile; fileRef = 644729202E09839400495B64 /* ExerciseDataManager.swift */; };
		644729612E09839400495B64 /* MealPlanLoadingView.swift in Sources */ = {isa = PBXBuildFile; fileRef = 644729092E09839400495B64 /* MealPlanLoadingView.swift */; };
		644729622E09839400495B64 /* ManualFoodSearchView.swift in Sources */ = {isa = PBXBuildFile; fileRef = 644729052E09839400495B64 /* ManualFoodSearchView.swift */; };
		644729632E09839400495B64 /* Assets.xcassets in Resources */ = {isa = PBXBuildFile; fileRef = 644729192E09839400495B64 /* Assets.xcassets */; };
		644729642E09839400495B64 /* exercises.json in Resources */ = {isa = PBXBuildFile; fileRef = 644729222E09839400495B64 /* exercises.json */; };
		644729652E09839400495B64 /* Preview Assets.xcassets in Resources */ = {isa = PBXBuildFile; fileRef = 644728F92E09839400495B64 /* Preview Assets.xcassets */; };
/* End PBXBuildFile section */

/* Begin PBXFileReference section */
		2E3FAF7C2DFCB83000BAAED8 /* Assets.xcassets */ = {isa = PBXFileReference; lastKnownFileType = folder.assetcatalog; name = Assets.xcassets; path = werkowt/Assets.xcassets; sourceTree = "<group>"; };
		2E3FAF8E2DFCB8E000BAAED8 /* Preview Assets.xcassets */ = {isa = PBXFileReference; lastKnownFileType = folder.assetcatalog; path = "Preview Assets.xcassets"; sourceTree = "<group>"; };
		2E3FAFB32DFCBCCF00BAAED8 /* werkowt.app */ = {isa = PBXFileReference; explicitFileType = wrapper.application; includeInIndex = 0; path = werkowt.app; sourceTree = BUILT_PRODUCTS_DIR; };
		2E3FAFCB2DFCBCE000BAAED8 /* Config.xcconfig */ = {isa = PBXFileReference; fileEncoding = 4; lastKnownFileType = text.xcconfig; path = Config.xcconfig; sourceTree = "<group>"; };
		2E3FAFCC2DFCBCE000BAAED8 /* Config.xcconfig.example */ = {isa = PBXFileReference; fileEncoding = 4; lastKnownFileType = text; path = Config.xcconfig.example; sourceTree = "<group>"; };
		644728F92E09839400495B64 /* Preview Assets.xcassets */ = {isa = PBXFileReference; lastKnownFileType = folder.assetcatalog; path = "Preview Assets.xcassets"; sourceTree = "<group>"; };
		644728FB2E09839400495B64 /* AuthView.swift */ = {isa = PBXFileReference; lastKnownFileType = sourcecode.swift; path = AuthView.swift; sourceTree = "<group>"; };
		644728FC2E09839400495B64 /* DateNavigationView.swift */ = {isa = PBXFileReference; lastKnownFileType = sourcecode.swift; path = DateNavigationView.swift; sourceTree = "<group>"; };
		644728FD2E09839400495B64 /* FoodAnalysisLoadingView.swift */ = {isa = PBXFileReference; lastKnownFileType = sourcecode.swift; path = FoodAnalysisLoadingView.swift; sourceTree = "<group>"; };
		644728FE2E09839400495B64 /* FoodTrackingView.swift */ = {isa = PBXFileReference; lastKnownFileType = sourcecode.swift; path = FoodTrackingView.swift; sourceTree = "<group>"; };
		644728FF2E09839400495B64 /* FoodVerificationView.swift */ = {isa = PBXFileReference; lastKnownFileType = sourcecode.swift; path = FoodVerificationView.swift; sourceTree = "<group>"; };
		644729002E09839400495B64 /* GoalSettingsView.swift */ = {isa = PBXFileReference; lastKnownFileType = sourcecode.swift; path = GoalSettingsView.swift; sourceTree = "<group>"; };
		644729012E09839400495B64 /* HomeView.swift */ = {isa = PBXFileReference; lastKnownFileType = sourcecode.swift; path = HomeView.swift; sourceTree = "<group>"; };
		644729022E09839400495B64 /* IntegratedShoppingListView.swift */ = {isa = PBXFileReference; lastKnownFileType = sourcecode.swift; path = IntegratedShoppingListView.swift; sourceTree = "<group>"; };
		644729032E09839400495B64 /* LiveWorkoutView.swift */ = {isa = PBXFileReference; lastKnownFileType = sourcecode.swift; path = LiveWorkoutView.swift; sourceTree = "<group>"; };
		644729042E09839400495B64 /* MacroPieChart.swift */ = {isa = PBXFileReference; lastKnownFileType = sourcecode.swift; path = MacroPieChart.swift; sourceTree = "<group>"; };
		644729052E09839400495B64 /* ManualFoodSearchView.swift */ = {isa = PBXFileReference; lastKnownFileType = sourcecode.swift; path = ManualFoodSearchView.swift; sourceTree = "<group>"; };
		644729062E09839400495B64 /* MealDetailView.swift */ = {isa = PBXFileReference; lastKnownFileType = sourcecode.swift; path = MealDetailView.swift; sourceTree = "<group>"; };
		644729072E09839400495B64 /* MealPlanDetailView.swift */ = {isa = PBXFileReference; lastKnownFileType = sourcecode.swift; path = MealPlanDetailView.swift; sourceTree = "<group>"; };
		644729082E09839400495B64 /* MealPlanListView.swift */ = {isa = PBXFileReference; lastKnownFileType = sourcecode.swift; path = MealPlanListView.swift; sourceTree = "<group>"; };
		644729092E09839400495B64 /* MealPlanLoadingView.swift */ = {isa = PBXFileReference; lastKnownFileType = sourcecode.swift; path = MealPlanLoadingView.swift; sourceTree = "<group>"; };
		6447290A2E09839400495B64 /* MealPlanningView.swift */ = {isa = PBXFileReference; lastKnownFileType = sourcecode.swift; path = MealPlanningView.swift; sourceTree = "<group>"; };
		6447290B2E09839400495B64 /* MealTrackingView.swift */ = {isa = PBXFileReference; lastKnownFileType = sourcecode.swift; path = MealTrackingView.swift; sourceTree = "<group>"; };
		6447290C2E09839400495B64 /* NutritionPlanningView.swift */ = {isa = PBXFileReference; lastKnownFileType = sourcecode.swift; path = NutritionPlanningView.swift; sourceTree = "<group>"; };
		6447290D2E09839400495B64 /* NutritionTabView.swift */ = {isa = PBXFileReference; lastKnownFileType = sourcecode.swift; path = NutritionTabView.swift; sourceTree = "<group>"; };
		6447290E2E09839400495B64 /* QuickClassLoggerView.swift */ = {isa = PBXFileReference; lastKnownFileType = sourcecode.swift; path = QuickClassLoggerView.swift; sourceTree = "<group>"; };
		6447290F2E09839400495B64 /* SettingsView.swift */ = {isa = PBXFileReference; lastKnownFileType = sourcecode.swift; path = SettingsView.swift; sourceTree = "<group>"; };
		644729102E09839400495B64 /* ShoppingDashboardView.swift */ = {isa = PBXFileReference; lastKnownFileType = sourcecode.swift; path = ShoppingDashboardView.swift; sourceTree = "<group>"; };
		644729112E09839400495B64 /* TodayNutritionView.swift */ = {isa = PBXFileReference; lastKnownFileType = sourcecode.swift; path = TodayNutritionView.swift; sourceTree = "<group>"; };
		644729122E09839400495B64 /* UnifiedActionWidget.swift */ = {isa = PBXFileReference; lastKnownFileType = sourcecode.swift; path = UnifiedActionWidget.swift; sourceTree = "<group>"; };
		644729132E09839400495B64 /* UnifiedNutritionView.swift */ = {isa = PBXFileReference; lastKnownFileType = sourcecode.swift; path = UnifiedNutritionView.swift; sourceTree = "<group>"; };
		644729142E09839400495B64 /* WeightTrackingView.swift */ = {isa = PBXFileReference; lastKnownFileType = sourcecode.swift; path = WeightTrackingView.swift; sourceTree = "<group>"; };
		644729152E09839400495B64 /* WorkoutCreatorView.swift */ = {isa = PBXFileReference; lastKnownFileType = sourcecode.swift; path = WorkoutCreatorView.swift; sourceTree = "<group>"; };
		644729162E09839400495B64 /* WorkoutProgressView.swift */ = {isa = PBXFileReference; lastKnownFileType = sourcecode.swift; path = WorkoutProgressView.swift; sourceTree = "<group>"; };
		644729182E09839400495B64 /* AppRootView.swift */ = {isa = PBXFileReference; lastKnownFileType = sourcecode.swift; path = AppRootView.swift; sourceTree = "<group>"; };
		644729192E09839400495B64 /* Assets.xcassets */ = {isa = PBXFileReference; lastKnownFileType = folder.assetcatalog; path = Assets.xcassets; sourceTree = "<group>"; };
		6447291A2E09839400495B64 /* AuthManager.swift */ = {isa = PBXFileReference; lastKnownFileType = sourcecode.swift; path = AuthManager.swift; sourceTree = "<group>"; };
		6447291B2E09839400495B64 /* ClaudeAPIClient.swift */ = {isa = PBXFileReference; lastKnownFileType = sourcecode.swift; path = ClaudeAPIClient.swift; sourceTree = "<group>"; };
		6447291C2E09839400495B64 /* Config.swift */ = {isa = PBXFileReference; lastKnownFileType = sourcecode.swift; path = Config.swift; sourceTree = "<group>"; };
		6447291D2E09839400495B64 /* DataMigrationHelper.swift */ = {isa = PBXFileReference; lastKnownFileType = sourcecode.swift; path = DataMigrationHelper.swift; sourceTree = "<group>"; };
		6447291E2E09839400495B64 /* DateFormatters.swift */ = {isa = PBXFileReference; lastKnownFileType = sourcecode.swift; path = DateFormatters.swift; sourceTree = "<group>"; };
		6447291F2E09839400495B64 /* ErrorTypes.swift */ = {isa = PBXFileReference; lastKnownFileType = sourcecode.swift; path = ErrorTypes.swift; sourceTree = "<group>"; };
		644729202E09839400495B64 /* ExerciseDataManager.swift */ = {isa = PBXFileReference; lastKnownFileType = sourcecode.swift; path = ExerciseDataManager.swift; sourceTree = "<group>"; };
		644729212E09839400495B64 /* ExerciseModels.swift */ = {isa = PBXFileReference; lastKnownFileType = sourcecode.swift; path = ExerciseModels.swift; sourceTree = "<group>"; };
		644729222E09839400495B64 /* exercises.json */ = {isa = PBXFileReference; lastKnownFileType = text.json; path = exercises.json; sourceTree = "<group>"; };
		644729232E09839400495B64 /* FoodModels.swift */ = {isa = PBXFileReference; lastKnownFileType = sourcecode.swift; path = FoodModels.swift; sourceTree = "<group>"; };
		644729242E09839400495B64 /* Logger.swift */ = {isa = PBXFileReference; lastKnownFileType = sourcecode.swift; path = Logger.swift; sourceTree = "<group>"; };
		644729252E09839400495B64 /* MacroModels.swift */ = {isa = PBXFileReference; lastKnownFileType = sourcecode.swift; path = MacroModels.swift; sourceTree = "<group>"; };
		644729262E09839400495B64 /* MainTabView.swift */ = {isa = PBXFileReference; lastKnownFileType = sourcecode.swift; path = MainTabView.swift; sourceTree = "<group>"; };
		644729272E09839400495B64 /* MealPlanAPIModels.swift */ = {isa = PBXFileReference; lastKnownFileType = sourcecode.swift; path = MealPlanAPIModels.swift; sourceTree = "<group>"; };
		644729282E09839400495B64 /* Models.swift */ = {isa = PBXFileReference; lastKnownFileType = sourcecode.swift; path = Models.swift; sourceTree = "<group>"; };
		644729292E09839400495B64 /* ShoppingListManager.swift */ = {isa = PBXFileReference; lastKnownFileType = sourcecode.swift; path = ShoppingListManager.swift; sourceTree = "<group>"; };
		6447292A2E09839400495B64 /* SupabaseManager.swift */ = {isa = PBXFileReference; lastKnownFileType = sourcecode.swift; path = SupabaseManager.swift; sourceTree = "<group>"; };
		6447292B2E09839400495B64 /* SupabaseService.swift */ = {isa = PBXFileReference; lastKnownFileType = sourcecode.swift; path = SupabaseService.swift; sourceTree = "<group>"; };
		6447292C2E09839400495B64 /* TimerManager.swift */ = {isa = PBXFileReference; lastKnownFileType = sourcecode.swift; path = TimerManager.swift; sourceTree = "<group>"; };
		6447292D2E09839400495B64 /* werkowtApp.swift */ = {isa = PBXFileReference; lastKnownFileType = sourcecode.swift; path = werkowtApp.swift; sourceTree = "<group>"; };
		6447292E2E09839400495B64 /* WorkoutDataManager.swift */ = {isa = PBXFileReference; lastKnownFileType = sourcecode.swift; path = WorkoutDataManager.swift; sourceTree = "<group>"; };
		6447292F2E09839400495B64 /* WorkoutModels.swift */ = {isa = PBXFileReference; lastKnownFileType = sourcecode.swift; path = WorkoutModels.swift; sourceTree = "<group>"; };
/* End PBXFileReference section */

/* Begin PBXFrameworksBuildPhase section */
		2E731DB02DFCA0A00001CCED /* Frameworks */ = {
			isa = PBXFrameworksBuildPhase;
			buildActionMask = 2147483647;
			files = (
				2E3FAF672DFCB30400BAAED8 /* PostgREST in Frameworks */,
				2E3FAF652DFCB30400BAAED8 /* Functions in Frameworks */,
				2E3FAF6E2DFCB43500BAAED8 /* Supabase in Frameworks */,
				2E3FAF632DFCB30400BAAED8 /* Auth in Frameworks */,
				2E3FAF6B2DFCB30400BAAED8 /* Storage in Frameworks */,
				2E3FAF692DFCB30400BAAED8 /* Realtime in Frameworks */,
			);
			runOnlyForDeploymentPostprocessing = 0;
		};
/* End PBXFrameworksBuildPhase section */

/* Begin PBXGroup section */
		2E3FAF8D2DFCB8E000BAAED8 /* Preview Content */ = {
			isa = PBXGroup;
			children = (
				2E3FAF8E2DFCB8E000BAAED8 /* Preview Assets.xcassets */,
			);
			name = "Preview Content";
			path = "werkowt/Preview Content";
			sourceTree = "<group>";
		};
		2E731DAA2DFCA0A00001CCED = {
			isa = PBXGroup;
			children = (
				644729302E09839400495B64 /* werkowt */,
				2E3FAFCB2DFCBCE000BAAED8 /* Config.xcconfig */,
				2E3FAFCC2DFCBCE000BAAED8 /* Config.xcconfig.example */,
				2E3FAF7C2DFCB83000BAAED8 /* Assets.xcassets */,
				2E3FAF8D2DFCB8E000BAAED8 /* Preview Content */,
				2E3FAFB32DFCBCCF00BAAED8 /* werkowt.app */,
			);
			sourceTree = "<group>";
		};
		644728FA2E09839400495B64 /* Preview Content */ = {
			isa = PBXGroup;
			children = (
				644728F92E09839400495B64 /* Preview Assets.xcassets */,
			);
			path = "Preview Content";
			sourceTree = "<group>";
		};
		644729172E09839400495B64 /* Views */ = {
			isa = PBXGroup;
			children = (
				644728FB2E09839400495B64 /* AuthView.swift */,
				644728FC2E09839400495B64 /* DateNavigationView.swift */,
				644728FD2E09839400495B64 /* FoodAnalysisLoadingView.swift */,
				644728FE2E09839400495B64 /* FoodTrackingView.swift */,
				644728FF2E09839400495B64 /* FoodVerificationView.swift */,
				644729002E09839400495B64 /* GoalSettingsView.swift */,
				644729012E09839400495B64 /* HomeView.swift */,
				644729022E09839400495B64 /* IntegratedShoppingListView.swift */,
				644729032E09839400495B64 /* LiveWorkoutView.swift */,
				644729042E09839400495B64 /* MacroPieChart.swift */,
				644729052E09839400495B64 /* ManualFoodSearchView.swift */,
				644729062E09839400495B64 /* MealDetailView.swift */,
				644729072E09839400495B64 /* MealPlanDetailView.swift */,
				644729082E09839400495B64 /* MealPlanListView.swift */,
				644729092E09839400495B64 /* MealPlanLoadingView.swift */,
				6447290A2E09839400495B64 /* MealPlanningView.swift */,
				6447290B2E09839400495B64 /* MealTrackingView.swift */,
				6447290C2E09839400495B64 /* NutritionPlanningView.swift */,
				6447290D2E09839400495B64 /* NutritionTabView.swift */,
				6447290E2E09839400495B64 /* QuickClassLoggerView.swift */,
				6447290F2E09839400495B64 /* SettingsView.swift */,
				644729102E09839400495B64 /* ShoppingDashboardView.swift */,
				644729112E09839400495B64 /* TodayNutritionView.swift */,
				644729122E09839400495B64 /* UnifiedActionWidget.swift */,
				644729132E09839400495B64 /* UnifiedNutritionView.swift */,
				644729142E09839400495B64 /* WeightTrackingView.swift */,
				644729152E09839400495B64 /* WorkoutCreatorView.swift */,
				644729162E09839400495B64 /* WorkoutProgressView.swift */,
			);
			path = Views;
			sourceTree = "<group>";
		};
		644729302E09839400495B64 /* werkowt */ = {
			isa = PBXGroup;
			children = (
				644728FA2E09839400495B64 /* Preview Content */,
				644729172E09839400495B64 /* Views */,
				644729182E09839400495B64 /* AppRootView.swift */,
				644729192E09839400495B64 /* Assets.xcassets */,
				6447291A2E09839400495B64 /* AuthManager.swift */,
				6447291B2E09839400495B64 /* ClaudeAPIClient.swift */,
				6447291C2E09839400495B64 /* Config.swift */,
				6447291D2E09839400495B64 /* DataMigrationHelper.swift */,
				6447291E2E09839400495B64 /* DateFormatters.swift */,
				6447291F2E09839400495B64 /* ErrorTypes.swift */,
				644729202E09839400495B64 /* ExerciseDataManager.swift */,
				644729212E09839400495B64 /* ExerciseModels.swift */,
				644729222E09839400495B64 /* exercises.json */,
				644729232E09839400495B64 /* FoodModels.swift */,
				644729242E09839400495B64 /* Logger.swift */,
				644729252E09839400495B64 /* MacroModels.swift */,
				644729262E09839400495B64 /* MainTabView.swift */,
				644729272E09839400495B64 /* MealPlanAPIModels.swift */,
				644729282E09839400495B64 /* Models.swift */,
				644729292E09839400495B64 /* ShoppingListManager.swift */,
				6447292A2E09839400495B64 /* SupabaseManager.swift */,
				6447292B2E09839400495B64 /* SupabaseService.swift */,
				6447292C2E09839400495B64 /* TimerManager.swift */,
				6447292D2E09839400495B64 /* werkowtApp.swift */,
				6447292E2E09839400495B64 /* WorkoutDataManager.swift */,
				6447292F2E09839400495B64 /* WorkoutModels.swift */,
			);
			path = werkowt;
			sourceTree = "<group>";
		};
/* End PBXGroup section */

/* Begin PBXNativeTarget section */
		2E731DB22DFCA0A00001CCED /* werkowt */ = {
			isa = PBXNativeTarget;
			buildConfigurationList = 2E731DC12DFCA0A20001CCED /* Build configuration list for PBXNativeTarget "werkowt" */;
			buildPhases = (
				2E731DAF2DFCA0A00001CCED /* Sources */,
				2E731DB02DFCA0A00001CCED /* Frameworks */,
				2E731DB12DFCA0A00001CCED /* Resources */,
			);
			buildRules = (
			);
			dependencies = (
			);
			name = werkowt;
			packageProductDependencies = (
				2E3FAF622DFCB30400BAAED8 /* Auth */,
				2E3FAF642DFCB30400BAAED8 /* Functions */,
				2E3FAF662DFCB30400BAAED8 /* PostgREST */,
				2E3FAF682DFCB30400BAAED8 /* Realtime */,
				2E3FAF6A2DFCB30400BAAED8 /* Storage */,
				2E3FAF6D2DFCB43500BAAED8 /* Supabase */,
			);
			productName = werkowt;
			productReference = 2E3FAFB32DFCBCCF00BAAED8 /* werkowt.app */;
			productType = "com.apple.product-type.application";
		};
/* End PBXNativeTarget section */

/* Begin PBXProject section */
		2E731DAB2DFCA0A00001CCED /* Project object */ = {
			isa = PBXProject;
			attributes = {
				BuildIndependentTargetsInParallel = 1;
				LastSwiftUpdateCheck = 1510;
				LastUpgradeCheck = 1510;
				TargetAttributes = {
					2E731DB22DFCA0A00001CCED = {
						CreatedOnToolsVersion = 15.1;
					};
				};
			};
			buildConfigurationList = 2E731DAE2DFCA0A00001CCED /* Build configuration list for PBXProject "werkowt" */;
			compatibilityVersion = "Xcode 14.0";
			developmentRegion = en;
			hasScannedForEncodings = 0;
			knownRegions = (
				en,
				Base,
			);
			mainGroup = 2E731DAA2DFCA0A00001CCED;
			packageReferences = (
				2E3FAF612DFCB30400BAAED8 /* XCRemoteSwiftPackageReference "supabase-swift" */,
			);
			productRefGroup = 2E731DAA2DFCA0A00001CCED;
			projectDirPath = "";
			projectRoot = "";
			targets = (
				2E731DB22DFCA0A00001CCED /* werkowt */,
			);
		};
/* End PBXProject section */

/* Begin PBXResourcesBuildPhase section */
		2E731DB12DFCA0A00001CCED /* Resources */ = {
			isa = PBXResourcesBuildPhase;
			buildActionMask = 2147483647;
			files = (
				2E3FAF992DFCB8E100BAAED8 /* Preview Assets.xcassets in Resources */,
				2E3FAF892DFCB83000BAAED8 /* Assets.xcassets in Resources */,
				644729632E09839400495B64 /* Assets.xcassets in Resources */,
				644729642E09839400495B64 /* exercises.json in Resources */,
				644729652E09839400495B64 /* Preview Assets.xcassets in Resources */,
				2E3FAFE12DFCBCE000BAAED8 /* Config.xcconfig in Resources */,
				2E3FAFE22DFCBCE000BAAED8 /* Config.xcconfig.example in Resources */,
			);
			runOnlyForDeploymentPostprocessing = 0;
		};
/* End PBXResourcesBuildPhase section */

/* Begin PBXSourcesBuildPhase section */
		2E731DAF2DFCA0A00001CCED /* Sources */ = {
			isa = PBXSourcesBuildPhase;
			buildActionMask = 2147483647;
			files = (
				644729312E09839400495B64 /* FoodModels.swift in Sources */,
				644729322E09839400495B64 /* FoodAnalysisLoadingView.swift in Sources */,
				644729332E09839400495B64 /* HomeView.swift in Sources */,
				644729342E09839400495B64 /* SupabaseService.swift in Sources */,
				644729352E09839400495B64 /* LiveWorkoutView.swift in Sources */,
				644729362E09839400495B64 /* werkowtApp.swift in Sources */,
				644729372E09839400495B64 /* MealTrackingView.swift in Sources */,
				644729382E09839400495B64 /* NutritionPlanningView.swift in Sources */,
				644729392E09839400495B64 /* WorkoutModels.swift in Sources */,
				6447293A2E09839400495B64 /* QuickClassLoggerView.swift in Sources */,
				6447293B2E09839400495B64 /* ShoppingDashboardView.swift in Sources */,
				6447293C2E09839400495B64 /* MainTabView.swift in Sources */,
				6447293D2E09839400495B64 /* Config.swift in Sources */,
				6447293E2E09839400495B64 /* DateFormatters.swift in Sources */,
				6447293F2E09839400495B64 /* ClaudeAPIClient.swift in Sources */,
				644729402E09839400495B64 /* ErrorTypes.swift in Sources */,
				644729412E09839400495B64 /* MealDetailView.swift in Sources */,
				644729422E09839400495B64 /* MealPlanAPIModels.swift in Sources */,
				644729432E09839400495B64 /* DataMigrationHelper.swift in Sources */,
				644729442E09839400495B64 /* MealPlanDetailView.swift in Sources */,
				644729452E09839400495B64 /* FoodVerificationView.swift in Sources */,
				644729462E09839400495B64 /* TodayNutritionView.swift in Sources */,
				644729472E09839400495B64 /* MacroModels.swift in Sources */,
				644729482E09839400495B64 /* TimerManager.swift in Sources */,
				644729492E09839400495B64 /* FoodTrackingView.swift in Sources */,
				6447294A2E09839400495B64 /* UnifiedNutritionView.swift in Sources */,
				6447294B2E09839400495B64 /* AuthView.swift in Sources */,
				6447294C2E09839400495B64 /* Models.swift in Sources */,
				6447294D2E09839400495B64 /* WeightTrackingView.swift in Sources */,
				6447294E2E09839400495B64 /* WorkoutDataManager.swift in Sources */,
				6447294F2E09839400495B64 /* AppRootView.swift in Sources */,
				644729502E09839400495B64 /* Logger.swift in Sources */,
				644729512E09839400495B64 /* NutritionTabView.swift in Sources */,
				644729522E09839400495B64 /* AuthManager.swift in Sources */,
				644729532E09839400495B64 /* IntegratedShoppingListView.swift in Sources */,
				644729542E09839400495B64 /* ExerciseModels.swift in Sources */,
				644729552E09839400495B64 /* MacroPieChart.swift in Sources */,
				644729562E09839400495B64 /* SettingsView.swift in Sources */,
				644729572E09839400495B64 /* GoalSettingsView.swift in Sources */,
				644729582E09839400495B64 /* MealPlanningView.swift in Sources */,
				644729592E09839400495B64 /* DateNavigationView.swift in Sources */,
				6447295A2E09839400495B64 /* UnifiedActionWidget.swift in Sources */,
				6447295B2E09839400495B64 /* ShoppingListManager.swift in Sources */,
				6447295C2E09839400495B64 /* MealPlanListView.swift in Sources */,
				6447295D2E09839400495B64 /* SupabaseManager.swift in Sources */,
				6447295E2E09839400495B64 /* WorkoutCreatorView.swift in Sources */,
				6447295F2E09839400495B64 /* WorkoutProgressView.swift in Sources */,
				644729602E09839400495B64 /* ExerciseDataManager.swift in Sources */,
				644729612E09839400495B64 /* MealPlanLoadingView.swift in Sources */,
				644729622E09839400495B64 /* ManualFoodSearchView.swift in Sources */,
			);
			runOnlyForDeploymentPostprocessing = 0;
		};
/* End PBXSourcesBuildPhase section */

/* Begin XCBuildConfiguration section */
		2E731DBF2DFCA0A20001CCED /* Debug */ = {
			isa = XCBuildConfiguration;
			buildSettings = {
				ALWAYS_SEARCH_USER_PATHS = NO;
				ASSETCATALOG_COMPILER_GENERATE_SWIFT_ASSET_SYMBOL_EXTENSIONS = YES;
				CLANG_ANALYZER_NONNULL = YES;
				CLANG_ANALYZER_NUMBER_OBJECT_CONVERSION = YES_AGGRESSIVE;
				CLANG_CXX_LANGUAGE_STANDARD = "gnu++20";
				CLANG_ENABLE_MODULES = YES;
				CLANG_ENABLE_OBJC_ARC = YES;
				CLANG_ENABLE_OBJC_WEAK = YES;
				CLANG_WARN_BLOCK_CAPTURE_AUTORELEASING = YES;
				CLANG_WARN_BOOL_CONVERSION = YES;
				CLANG_WARN_COMMA = YES;
				CLANG_WARN_CONSTANT_CONVERSION = YES;
				CLANG_WARN_DEPRECATED_OBJC_IMPLEMENTATIONS = YES;
				CLANG_WARN_DIRECT_OBJC_ISA_USAGE = YES_ERROR;
				CLANG_WARN_DOCUMENTATION_COMMENTS = YES;
				CLANG_WARN_EMPTY_BODY = YES;
				CLANG_WARN_ENUM_CONVERSION = YES;
				CLANG_WARN_INFINITE_RECURSION = YES;
				CLANG_WARN_INT_CONVERSION = YES;
				CLANG_WARN_NON_LITERAL_NULL_CONVERSION = YES;
				CLANG_WARN_OBJC_IMPLICIT_RETAIN_SELF = YES;
				CLANG_WARN_OBJC_LITERAL_CONVERSION = YES;
				CLANG_WARN_OBJC_ROOT_CLASS = YES_ERROR;
				CLANG_WARN_QUOTED_INCLUDE_IN_FRAMEWORK_HEADER = YES;
				CLANG_WARN_RANGE_LOOP_ANALYSIS = YES;
				CLANG_WARN_STRICT_PROTOTYPES = YES;
				CLANG_WARN_SUSPICIOUS_MOVE = YES;
				CLANG_WARN_UNGUARDED_AVAILABILITY = YES_AGGRESSIVE;
				CLANG_WARN_UNREACHABLE_CODE = YES;
				CLANG_WARN__DUPLICATE_METHOD_MATCH = YES;
				COPY_PHASE_STRIP = NO;
				DEBUG_INFORMATION_FORMAT = dwarf;
				ENABLE_STRICT_OBJC_MSGSEND = YES;
				ENABLE_TESTABILITY = YES;
				ENABLE_USER_SCRIPT_SANDBOXING = YES;
				GCC_C_LANGUAGE_STANDARD = gnu17;
				GCC_DYNAMIC_NO_PIC = NO;
				GCC_NO_COMMON_BLOCKS = YES;
				GCC_OPTIMIZATION_LEVEL = 0;
				GCC_PREPROCESSOR_DEFINITIONS = (
					"DEBUG=1",
					"$(inherited)",
				);
				GCC_WARN_64_TO_32_BIT_CONVERSION = YES;
				GCC_WARN_ABOUT_RETURN_TYPE = YES_ERROR;
				GCC_WARN_UNDECLARED_SELECTOR = YES;
				GCC_WARN_UNINITIALIZED_AUTOS = YES_AGGRESSIVE;
				GCC_WARN_UNUSED_FUNCTION = YES;
				GCC_WARN_UNUSED_VARIABLE = YES;
				IPHONEOS_DEPLOYMENT_TARGET = 17.2;
				LOCALIZATION_PREFERS_STRING_CATALOGS = YES;
				MTL_ENABLE_DEBUG_INFO = INCLUDE_SOURCE;
				MTL_FAST_MATH = YES;
				ONLY_ACTIVE_ARCH = YES;
				SDKROOT = iphoneos;
				SWIFT_ACTIVE_COMPILATION_CONDITIONS = "DEBUG $(inherited)";
				SWIFT_OPTIMIZATION_LEVEL = "-Onone";
			};
			name = Debug;
		};
		2E731DC02DFCA0A20001CCED /* Release */ = {
			isa = XCBuildConfiguration;
			buildSettings = {
				ALWAYS_SEARCH_USER_PATHS = NO;
				ASSETCATALOG_COMPILER_GENERATE_SWIFT_ASSET_SYMBOL_EXTENSIONS = YES;
				CLANG_ANALYZER_NONNULL = YES;
				CLANG_ANALYZER_NUMBER_OBJECT_CONVERSION = YES_AGGRESSIVE;
				CLANG_CXX_LANGUAGE_STANDARD = "gnu++20";
				CLANG_ENABLE_MODULES = YES;
				CLANG_ENABLE_OBJC_ARC = YES;
				CLANG_ENABLE_OBJC_WEAK = YES;
				CLANG_WARN_BLOCK_CAPTURE_AUTORELEASING = YES;
				CLANG_WARN_BOOL_CONVERSION = YES;
				CLANG_WARN_COMMA = YES;
				CLANG_WARN_CONSTANT_CONVERSION = YES;
				CLANG_WARN_DEPRECATED_OBJC_IMPLEMENTATIONS = YES;
				CLANG_WARN_DIRECT_OBJC_ISA_USAGE = YES_ERROR;
				CLANG_WARN_DOCUMENTATION_COMMENTS = YES;
				CLANG_WARN_EMPTY_BODY = YES;
				CLANG_WARN_ENUM_CONVERSION = YES;
				CLANG_WARN_INFINITE_RECURSION = YES;
				CLANG_WARN_INT_CONVERSION = YES;
				CLANG_WARN_NON_LITERAL_NULL_CONVERSION = YES;
				CLANG_WARN_OBJC_IMPLICIT_RETAIN_SELF = YES;
				CLANG_WARN_OBJC_LITERAL_CONVERSION = YES;
				CLANG_WARN_OBJC_ROOT_CLASS = YES_ERROR;
				CLANG_WARN_QUOTED_INCLUDE_IN_FRAMEWORK_HEADER = YES;
				CLANG_WARN_RANGE_LOOP_ANALYSIS = YES;
				CLANG_WARN_STRICT_PROTOTYPES = YES;
				CLANG_WARN_SUSPICIOUS_MOVE = YES;
				CLANG_WARN_UNGUARDED_AVAILABILITY = YES_AGGRESSIVE;
				CLANG_WARN_UNREACHABLE_CODE = YES;
				CLANG_WARN__DUPLICATE_METHOD_MATCH = YES;
				COPY_PHASE_STRIP = NO;
				DEBUG_INFORMATION_FORMAT = "dwarf-with-dsym";
				ENABLE_NS_ASSERTIONS = NO;
				ENABLE_STRICT_OBJC_MSGSEND = YES;
				ENABLE_USER_SCRIPT_SANDBOXING = YES;
				GCC_C_LANGUAGE_STANDARD = gnu17;
				GCC_NO_COMMON_BLOCKS = YES;
				GCC_WARN_64_TO_32_BIT_CONVERSION = YES;
				GCC_WARN_ABOUT_RETURN_TYPE = YES_ERROR;
				GCC_WARN_UNDECLARED_SELECTOR = YES;
				GCC_WARN_UNINITIALIZED_AUTOS = YES_AGGRESSIVE;
				GCC_WARN_UNUSED_FUNCTION = YES;
				GCC_WARN_UNUSED_VARIABLE = YES;
				IPHONEOS_DEPLOYMENT_TARGET = 17.2;
				LOCALIZATION_PREFERS_STRING_CATALOGS = YES;
				MTL_ENABLE_DEBUG_INFO = NO;
				MTL_FAST_MATH = YES;
				SDKROOT = iphoneos;
				SWIFT_COMPILATION_MODE = wholemodule;
				VALIDATE_PRODUCT = YES;
			};
			name = Release;
		};
		2E731DC22DFCA0A20001CCED /* Debug */ = {
			isa = XCBuildConfiguration;
			buildSettings = {
				ASSETCATALOG_COMPILER_APPICON_NAME = AppIcon;
				ASSETCATALOG_COMPILER_GLOBAL_ACCENT_COLOR_NAME = AccentColor;
				CODE_SIGN_STYLE = Automatic;
				CURRENT_PROJECT_VERSION = 1;
				DEVELOPMENT_ASSET_PATHS = "\"werkowt/Preview Content\"";
				DEVELOPMENT_TEAM = KDWTV22MZF;
				ENABLE_PREVIEWS = YES;
				GENERATE_INFOPLIST_FILE = YES;
				INFOPLIST_KEY_UIApplicationSceneManifest_Generation = YES;
				INFOPLIST_KEY_UIApplicationSupportsIndirectInputEvents = YES;
				INFOPLIST_KEY_UILaunchScreen_Generation = YES;
				INFOPLIST_KEY_UISupportedInterfaceOrientations_iPad = "UIInterfaceOrientationPortrait UIInterfaceOrientationPortraitUpsideDown UIInterfaceOrientationLandscapeLeft UIInterfaceOrientationLandscapeRight";
				INFOPLIST_KEY_UISupportedInterfaceOrientations_iPhone = "UIInterfaceOrientationPortrait UIInterfaceOrientationLandscapeLeft UIInterfaceOrientationLandscapeRight";
				LD_RUNPATH_SEARCH_PATHS = (
					"$(inherited)",
					"@executable_path/Frameworks",
				);
				MARKETING_VERSION = 1.0;
				PRODUCT_BUNDLE_IDENTIFIER = com.chrisdoyle.werkowt;
				PRODUCT_NAME = "$(TARGET_NAME)";
				SWIFT_EMIT_LOC_STRINGS = YES;
				SWIFT_VERSION = 5.0;
				TARGETED_DEVICE_FAMILY = "1,2";
			};
			name = Debug;
		};
		2E731DC32DFCA0A20001CCED /* Release */ = {
			isa = XCBuildConfiguration;
			buildSettings = {
				ASSETCATALOG_COMPILER_APPICON_NAME = AppIcon;
				ASSETCATALOG_COMPILER_GLOBAL_ACCENT_COLOR_NAME = AccentColor;
				CODE_SIGN_STYLE = Automatic;
				CURRENT_PROJECT_VERSION = 1;
				DEVELOPMENT_ASSET_PATHS = "\"werkowt/Preview Content\"";
				DEVELOPMENT_TEAM = KDWTV22MZF;
				ENABLE_PREVIEWS = YES;
				GENERATE_INFOPLIST_FILE = YES;
				INFOPLIST_KEY_UIApplicationSceneManifest_Generation = YES;
				INFOPLIST_KEY_UIApplicationSupportsIndirectInputEvents = YES;
				INFOPLIST_KEY_UILaunchScreen_Generation = YES;
				INFOPLIST_KEY_UISupportedInterfaceOrientations_iPad = "UIInterfaceOrientationPortrait UIInterfaceOrientationPortraitUpsideDown UIInterfaceOrientationLandscapeLeft UIInterfaceOrientationLandscapeRight";
				INFOPLIST_KEY_UISupportedInterfaceOrientations_iPhone = "UIInterfaceOrientationPortrait UIInterfaceOrientationLandscapeLeft UIInterfaceOrientationLandscapeRight";
				LD_RUNPATH_SEARCH_PATHS = (
					"$(inherited)",
					"@executable_path/Frameworks",
				);
				MARKETING_VERSION = 1.0;
				PRODUCT_BUNDLE_IDENTIFIER = com.chrisdoyle.werkowt;
				PRODUCT_NAME = "$(TARGET_NAME)";
				SWIFT_EMIT_LOC_STRINGS = YES;
				SWIFT_VERSION = 5.0;
				TARGETED_DEVICE_FAMILY = "1,2";
			};
			name = Release;
		};
/* End XCBuildConfiguration section */

/* Begin XCConfigurationList section */
		2E731DAE2DFCA0A00001CCED /* Build configuration list for PBXProject "werkowt" */ = {
			isa = XCConfigurationList;
			buildConfigurations = (
				2E731DBF2DFCA0A20001CCED /* Debug */,
				2E731DC02DFCA0A20001CCED /* Release */,
			);
			defaultConfigurationIsVisible = 0;
			defaultConfigurationName = Release;
		};
		2E731DC12DFCA0A20001CCED /* Build configuration list for PBXNativeTarget "werkowt" */ = {
			isa = XCConfigurationList;
			buildConfigurations = (
				2E731DC22DFCA0A20001CCED /* Debug */,
				2E731DC32DFCA0A20001CCED /* Release */,
			);
			defaultConfigurationIsVisible = 0;
			defaultConfigurationName = Release;
		};
/* End XCConfigurationList section */

/* Begin XCRemoteSwiftPackageReference section */
		2E3FAF612DFCB30400BAAED8 /* XCRemoteSwiftPackageReference "supabase-swift" */ = {
			isa = XCRemoteSwiftPackageReference;
			repositoryURL = "https://github.com/supabase/supabase-swift";
			requirement = {
				kind = upToNextMajorVersion;
				minimumVersion = 2.5.1;
			};
		};
/* End XCRemoteSwiftPackageReference section */

/* Begin XCSwiftPackageProductDependency section */
		2E3FAF622DFCB30400BAAED8 /* Auth */ = {
			isa = XCSwiftPackageProductDependency;
			package = 2E3FAF612DFCB30400BAAED8 /* XCRemoteSwiftPackageReference "supabase-swift" */;
			productName = Auth;
		};
		2E3FAF642DFCB30400BAAED8 /* Functions */ = {
			isa = XCSwiftPackageProductDependency;
			package = 2E3FAF612DFCB30400BAAED8 /* XCRemoteSwiftPackageReference "supabase-swift" */;
			productName = Functions;
		};
		2E3FAF662DFCB30400BAAED8 /* PostgREST */ = {
			isa = XCSwiftPackageProductDependency;
			package = 2E3FAF612DFCB30400BAAED8 /* XCRemoteSwiftPackageReference "supabase-swift" */;
			productName = PostgREST;
		};
		2E3FAF682DFCB30400BAAED8 /* Realtime */ = {
			isa = XCSwiftPackageProductDependency;
			package = 2E3FAF612DFCB30400BAAED8 /* XCRemoteSwiftPackageReference "supabase-swift" */;
			productName = Realtime;
		};
		2E3FAF6A2DFCB30400BAAED8 /* Storage */ = {
			isa = XCSwiftPackageProductDependency;
			package = 2E3FAF612DFCB30400BAAED8 /* XCRemoteSwiftPackageReference "supabase-swift" */;
			productName = Storage;
		};
		2E3FAF6D2DFCB43500BAAED8 /* Supabase */ = {
			isa = XCSwiftPackageProductDependency;
			package = 2E3FAF612DFCB30400BAAED8 /* XCRemoteSwiftPackageReference "supabase-swift" */;
			productName = Supabase;
		};
/* End XCSwiftPackageProductDependency section */
	};
	rootObject = 2E731DAB2DFCA0A00001CCED /* Project object */;
}
